// !$*UTF8*$!
{
	archiveVersion = 1;
	classes = {
	};
	objectVersion = 46;
	objects = {

/* Begin PBXBuildFile section */
		3CC8531219D0596900668F13 /* main.m in Sources */ = {isa = PBXBuildFile; fileRef = 3CC8531119D0596900668F13 /* main.m */; };
		3CC8531519D0596900668F13 /* AppDelegate.m in Sources */ = {isa = PBXBuildFile; fileRef = 3CC8531419D0596900668F13 /* AppDelegate.m */; };
		3CC8531819D0596900668F13 /* ViewController.m in Sources */ = {isa = PBXBuildFile; fileRef = 3CC8531719D0596900668F13 /* ViewController.m */; };
		3CC8531B19D0596900668F13 /* Main.storyboard in Resources */ = {isa = PBXBuildFile; fileRef = 3CC8531919D0596900668F13 /* Main.storyboard */; };
		3CC8531D19D0596900668F13 /* Images.xcassets in Resources */ = {isa = PBXBuildFile; fileRef = 3CC8531C19D0596900668F13 /* Images.xcassets */; };
		3CC8532019D0596900668F13 /* LaunchScreen.xib in Resources */ = {isa = PBXBuildFile; fileRef = 3CC8531E19D0596900668F13 /* LaunchScreen.xib */; };
		3CC8532C19D0596900668F13 /* DiancaiTests.m in Sources */ = {isa = PBXBuildFile; fileRef = 3CC8532B19D0596900668F13 /* DiancaiTests.m */; };
		3CC8533A19D059B900668F13 /* MenuViewController.m in Sources */ = {isa = PBXBuildFile; fileRef = 3CC8533919D059B900668F13 /* MenuViewController.m */; };
/* End PBXBuildFile section */

/* Begin PBXContainerItemProxy section */
		3CC8532619D0596900668F13 /* PBXContainerItemProxy */ = {
			isa = PBXContainerItemProxy;
			containerPortal = 3CC8530419D0596800668F13 /* Project object */;
			proxyType = 1;
			remoteGlobalIDString = 3CC8530B19D0596800668F13;
			remoteInfo = Diancai;
		};
/* End PBXContainerItemProxy section */

/* Begin PBXFileReference section */
		3CC8530C19D0596800668F13 /* Diancai.app */ = {isa = PBXFileReference; explicitFileType = wrapper.application; includeInIndex = 0; path = Diancai.app; sourceTree = BUILT_PRODUCTS_DIR; };
		3CC8531019D0596900668F13 /* Info.plist */ = {isa = PBXFileReference; lastKnownFileType = text.plist.xml; path = Info.plist; sourceTree = "<group>"; };
		3CC8531119D0596900668F13 /* main.m */ = {isa = PBXFileReference; lastKnownFileType = sourcecode.c.objc; path = main.m; sourceTree = "<group>"; };
		3CC8531319D0596900668F13 /* AppDelegate.h */ = {isa = PBXFileReference; lastKnownFileType = sourcecode.c.h; path = AppDelegate.h; sourceTree = "<group>"; };
		3CC8531419D0596900668F13 /* AppDelegate.m */ = {isa = PBXFileReference; lastKnownFileType = sourcecode.c.objc; path = AppDelegate.m; sourceTree = "<group>"; };
		3CC8531619D0596900668F13 /* ViewController.h */ = {isa = PBXFileReference; lastKnownFileType = sourcecode.c.h; path = ViewController.h; sourceTree = "<group>"; };
		3CC8531719D0596900668F13 /* ViewController.m */ = {isa = PBXFileReference; lastKnownFileType = sourcecode.c.objc; path = ViewController.m; sourceTree = "<group>"; };
		3CC8531A19D0596900668F13 /* Base */ = {isa = PBXFileReference; lastKnownFileType = file.storyboard; name = Base; path = Base.lproj/Main.storyboard; sourceTree = "<group>"; };
		3CC8531C19D0596900668F13 /* Images.xcassets */ = {isa = PBXFileReference; lastKnownFileType = folder.assetcatalog; path = Images.xcassets; sourceTree = "<group>"; };
		3CC8531F19D0596900668F13 /* Base */ = {isa = PBXFileReference; lastKnownFileType = file.xib; name = Base; path = Base.lproj/LaunchScreen.xib; sourceTree = "<group>"; };
		3CC8532519D0596900668F13 /* DiancaiTests.xctest */ = {isa = PBXFileReference; explicitFileType = wrapper.cfbundle; includeInIndex = 0; path = DiancaiTests.xctest; sourceTree = BUILT_PRODUCTS_DIR; };
		3CC8532A19D0596900668F13 /* Info.plist */ = {isa = PBXFileReference; lastKnownFileType = text.plist.xml; path = Info.plist; sourceTree = "<group>"; };
		3CC8532B19D0596900668F13 /* DiancaiTests.m */ = {isa = PBXFileReference; lastKnownFileType = sourcecode.c.objc; path = DiancaiTests.m; sourceTree = "<group>"; };
		3CC8533819D059B900668F13 /* MenuViewController.h */ = {isa = PBXFileReference; fileEncoding = 4; lastKnownFileType = sourcecode.c.h; name = MenuViewController.h; path = ViewController/MenuViewController.h; sourceTree = "<group>"; };
		3CC8533919D059B900668F13 /* MenuViewController.m */ = {isa = PBXFileReference; fileEncoding = 4; lastKnownFileType = sourcecode.c.objc; name = MenuViewController.m; path = ViewController/MenuViewController.m; sourceTree = "<group>"; };
/* End PBXFileReference section */

/* Begin PBXFrameworksBuildPhase section */
		3CC8530919D0596800668F13 /* Frameworks */ = {
			isa = PBXFrameworksBuildPhase;
			buildActionMask = 2147483647;
			files = (
			);
			runOnlyForDeploymentPostprocessing = 0;
		};
		3CC8532219D0596900668F13 /* Frameworks */ = {
			isa = PBXFrameworksBuildPhase;
			buildActionMask = 2147483647;
			files = (
			);
			runOnlyForDeploymentPostprocessing = 0;
		};
/* End PBXFrameworksBuildPhase section */

/* Begin PBXGroup section */
		3CC8530319D0596800668F13 = {
			isa = PBXGroup;
			children = (
				3CC8530E19D0596800668F13 /* Diancai */,
				3CC8532819D0596900668F13 /* DiancaiTests */,
				3CC8530D19D0596800668F13 /* Products */,
			);
			sourceTree = "<group>";
		};
		3CC8530D19D0596800668F13 /* Products */ = {
			isa = PBXGroup;
			children = (
				3CC8530C19D0596800668F13 /* Diancai.app */,
				3CC8532519D0596900668F13 /* DiancaiTests.xctest */,
			);
			name = Products;
			sourceTree = "<group>";
		};
		3CC8530E19D0596800668F13 /* Diancai */ = {
			isa = PBXGroup;
			children = (
				3CC8533B19D059C300668F13 /* ViewController */,
				3CC8531319D0596900668F13 /* AppDelegate.h */,
				3CC8531419D0596900668F13 /* AppDelegate.m */,
				3CC8531619D0596900668F13 /* ViewController.h */,
				3CC8531719D0596900668F13 /* ViewController.m */,
				3CC8531919D0596900668F13 /* Main.storyboard */,
				3CC8531C19D0596900668F13 /* Images.xcassets */,
				3CC8531E19D0596900668F13 /* LaunchScreen.xib */,
				3CC8530F19D0596900668F13 /* Supporting Files */,
			);
			path = Diancai;
			sourceTree = "<group>";
		};
		3CC8530F19D0596900668F13 /* Supporting Files */ = {
			isa = PBXGroup;
			children = (
				3CC8531019D0596900668F13 /* Info.plist */,
				3CC8531119D0596900668F13 /* main.m */,
			);
			name = "Supporting Files";
			sourceTree = "<group>";
		};
		3CC8532819D0596900668F13 /* DiancaiTests */ = {
			isa = PBXGroup;
			children = (
				3CC8532B19D0596900668F13 /* DiancaiTests.m */,
				3CC8532919D0596900668F13 /* Supporting Files */,
			);
			path = DiancaiTests;
			sourceTree = "<group>";
		};
		3CC8532919D0596900668F13 /* Supporting Files */ = {
			isa = PBXGroup;
			children = (
				3CC8532A19D0596900668F13 /* Info.plist */,
			);
			name = "Supporting Files";
			sourceTree = "<group>";
		};
		3CC8533B19D059C300668F13 /* ViewController */ = {
			isa = PBXGroup;
			children = (
				3CC8533819D059B900668F13 /* MenuViewController.h */,
				3CC8533919D059B900668F13 /* MenuViewController.m */,
			);
			name = ViewController;
			sourceTree = "<group>";
		};
/* End PBXGroup section */

/* Begin PBXNativeTarget section */
		3CC8530B19D0596800668F13 /* Diancai */ = {
			isa = PBXNativeTarget;
			buildConfigurationList = 3CC8532F19D0596900668F13 /* Build configuration list for PBXNativeTarget "Diancai" */;
			buildPhases = (
				3CC8530819D0596800668F13 /* Sources */,
				3CC8530919D0596800668F13 /* Frameworks */,
				3CC8530A19D0596800668F13 /* Resources */,
			);
			buildRules = (
			);
			dependencies = (
			);
			name = Diancai;
			productName = Diancai;
			productReference = 3CC8530C19D0596800668F13 /* Diancai.app */;
			productType = "com.apple.product-type.application";
		};
		3CC8532419D0596900668F13 /* DiancaiTests */ = {
			isa = PBXNativeTarget;
			buildConfigurationList = 3CC8533219D0596900668F13 /* Build configuration list for PBXNativeTarget "DiancaiTests" */;
			buildPhases = (
				3CC8532119D0596900668F13 /* Sources */,
				3CC8532219D0596900668F13 /* Frameworks */,
				3CC8532319D0596900668F13 /* Resources */,
			);
			buildRules = (
			);
			dependencies = (
				3CC8532719D0596900668F13 /* PBXTargetDependency */,
			);
			name = DiancaiTests;
			productName = DiancaiTests;
			productReference = 3CC8532519D0596900668F13 /* DiancaiTests.xctest */;
			productType = "com.apple.product-type.bundle.unit-test";
		};
/* End PBXNativeTarget section */

/* Begin PBXProject section */
		3CC8530419D0596800668F13 /* Project object */ = {
			isa = PBXProject;
			attributes = {
				LastUpgradeCheck = 0600;
				ORGANIZATIONNAME = Xiaojun;
				TargetAttributes = {
					3CC8530B19D0596800668F13 = {
						CreatedOnToolsVersion = 6.0.1;
					};
					3CC8532419D0596900668F13 = {
						CreatedOnToolsVersion = 6.0.1;
						TestTargetID = 3CC8530B19D0596800668F13;
					};
				};
			};
			buildConfigurationList = 3CC8530719D0596800668F13 /* Build configuration list for PBXProject "Diancai" */;
			compatibilityVersion = "Xcode 3.2";
			developmentRegion = English;
			hasScannedForEncodings = 0;
			knownRegions = (
				en,
				Base,
			);
			mainGroup = 3CC8530319D0596800668F13;
			productRefGroup = 3CC8530D19D0596800668F13 /* Products */;
			projectDirPath = "";
			projectRoot = "";
			targets = (
				3CC8530B19D0596800668F13 /* Diancai */,
				3CC8532419D0596900668F13 /* DiancaiTests */,
			);
		};
/* End PBXProject section */

/* Begin PBXResourcesBuildPhase section */
		3CC8530A19D0596800668F13 /* Resources */ = {
			isa = PBXResourcesBuildPhase;
			buildActionMask = 2147483647;
			files = (
				3CC8531B19D0596900668F13 /* Main.storyboard in Resources */,
				3CC8532019D0596900668F13 /* LaunchScreen.xib in Resources */,
				3CC8531D19D0596900668F13 /* Images.xcassets in Resources */,
			);
			runOnlyForDeploymentPostprocessing = 0;
		};
		3CC8532319D0596900668F13 /* Resources */ = {
			isa = PBXResourcesBuildPhase;
			buildActionMask = 2147483647;
			files = (
			);
			runOnlyForDeploymentPostprocessing = 0;
		};
/* End PBXResourcesBuildPhase section */

/* Begin PBXSourcesBuildPhase section */
		3CC8530819D0596800668F13 /* Sources */ = {
			isa = PBXSourcesBuildPhase;
			buildActionMask = 2147483647;
			files = (
				3CC8531819D0596900668F13 /* ViewController.m in Sources */,
				3CC8531519D0596900668F13 /* AppDelegate.m in Sources */,
				3CC8531219D0596900668F13 /* main.m in Sources */,
				3CC8533A19D059B900668F13 /* MenuViewController.m in Sources */,
			);
			runOnlyForDeploymentPostprocessing = 0;
		};
		3CC8532119D0596900668F13 /* Sources */ = {
			isa = PBXSourcesBuildPhase;
			buildActionMask = 2147483647;
			files = (
				3CC8532C19D0596900668F13 /* DiancaiTests.m in Sources */,
			);
			runOnlyForDeploymentPostprocessing = 0;
		};
/* End PBXSourcesBuildPhase section */

/* Begin PBXTargetDependency section */
		3CC8532719D0596900668F13 /* PBXTargetDependency */ = {
			isa = PBXTargetDependency;
			target = 3CC8530B19D0596800668F13 /* Diancai */;
			targetProxy = 3CC8532619D0596900668F13 /* PBXContainerItemProxy */;
		};
/* End PBXTargetDependency section */

/* Begin PBXVariantGroup section */
		3CC8531919D0596900668F13 /* Main.storyboard */ = {
			isa = PBXVariantGroup;
			children = (
				3CC8531A19D0596900668F13 /* Base */,
			);
			name = Main.storyboard;
			sourceTree = "<group>";
		};
		3CC8531E19D0596900668F13 /* LaunchScreen.xib */ = {
			isa = PBXVariantGroup;
			children = (
				3CC8531F19D0596900668F13 /* Base */,
			);
			name = LaunchScreen.xib;
			sourceTree = "<group>";
		};
/* End PBXVariantGroup section */

/* Begin XCBuildConfiguration section */
		3CC8532D19D0596900668F13 /* Debug */ = {
			isa = XCBuildConfiguration;
			buildSettings = {
				ALWAYS_SEARCH_USER_PATHS = NO;
				CLANG_CXX_LANGUAGE_STANDARD = "gnu++0x";
				CLANG_CXX_LIBRARY = "libc++";
				CLANG_ENABLE_MODULES = YES;
				CLANG_ENABLE_OBJC_ARC = YES;
				CLANG_WARN_BOOL_CONVERSION = YES;
				CLANG_WARN_CONSTANT_CONVERSION = YES;
				CLANG_WARN_DIRECT_OBJC_ISA_USAGE = YES_ERROR;
				CLANG_WARN_EMPTY_BODY = YES;
				CLANG_WARN_ENUM_CONVERSION = YES;
				CLANG_WARN_INT_CONVERSION = YES;
				CLANG_WARN_OBJC_ROOT_CLASS = YES_ERROR;
				CLANG_WARN_UNREACHABLE_CODE = YES;
				CLANG_WARN__DUPLICATE_METHOD_MATCH = YES;
				"CODE_SIGN_IDENTITY[sdk=iphoneos*]" = "iPhone Developer";
				COPY_PHASE_STRIP = NO;
				ENABLE_STRICT_OBJC_MSGSEND = YES;
				GCC_C_LANGUAGE_STANDARD = gnu99;
				GCC_DYNAMIC_NO_PIC = NO;
				GCC_OPTIMIZATION_LEVEL = 0;
				GCC_PREPROCESSOR_DEFINITIONS = (
					"DEBUG=1",
					"$(inherited)",
				);
				GCC_SYMBOLS_PRIVATE_EXTERN = NO;
				GCC_WARN_64_TO_32_BIT_CONVERSION = YES;
				GCC_WARN_ABOUT_RETURN_TYPE = YES_ERROR;
				GCC_WARN_UNDECLARED_SELECTOR = YES;
				GCC_WARN_UNINITIALIZED_AUTOS = YES_AGGRESSIVE;
				GCC_WARN_UNUSED_FUNCTION = YES;
				GCC_WARN_UNUSED_VARIABLE = YES;
				IPHONEOS_DEPLOYMENT_TARGET = 8.0;
				MTL_ENABLE_DEBUG_INFO = YES;
				ONLY_ACTIVE_ARCH = YES;
				SDKROOT = iphoneos;
				TARGETED_DEVICE_FAMILY = 2;
			};
			name = Debug;
		};
		3CC8532E19D0596900668F13 /* Release */ = {
			isa = XCBuildConfiguration;
			buildSettings = {
				ALWAYS_SEARCH_USER_PATHS = NO;
				CLANG_CXX_LANGUAGE_STANDARD = "gnu++0x";
				CLANG_CXX_LIBRARY = "libc++";
				CLANG_ENABLE_MODULES = YES;
				CLANG_ENABLE_OBJC_ARC = YES;
				CLANG_WARN_BOOL_CONVERSION = YES;
				CLANG_WARN_CONSTANT_CONVERSION = YES;
				CLANG_WARN_DIRECT_OBJC_ISA_USAGE = YES_ERROR;
				CLANG_WARN_EMPTY_BODY = YES;
				CLANG_WARN_ENUM_CONVERSION = YES;
				CLANG_WARN_INT_CONVERSION = YES;
				CLANG_WARN_OBJC_ROOT_CLASS = YES_ERROR;
				CLANG_WARN_UNREACHABLE_CODE = YES;
				CLANG_WARN__DUPLICATE_METHOD_MATCH = YES;
				"CODE_SIGN_IDENTITY[sdk=iphoneos*]" = "iPhone Developer";
				COPY_PHASE_STRIP = YES;
				ENABLE_NS_ASSERTIONS = NO;
				ENABLE_STRICT_OBJC_MSGSEND = YES;
				GCC_C_LANGUAGE_STANDARD = gnu99;
				GCC_WARN_64_TO_32_BIT_CONVERSION = YES;
				GCC_WARN_ABOUT_RETURN_TYPE = YES_ERROR;
				GCC_WARN_UNDECLARED_SELECTOR = YES;
				GCC_WARN_UNINITIALIZED_AUTOS = YES_AGGRESSIVE;
				GCC_WARN_UNUSED_FUNCTION = YES;
				GCC_WARN_UNUSED_VARIABLE = YES;
				IPHONEOS_DEPLOYMENT_TARGET = 8.0;
				MTL_ENABLE_DEBUG_INFO = NO;
				SDKROOT = iphoneos;
				TARGETED_DEVICE_FAMILY = 2;
				VALIDATE_PRODUCT = YES;
			};
			name = Release;
		};
		3CC8533019D0596900668F13 /* Debug */ = {
			isa = XCBuildConfiguration;
			buildSettings = {
				ASSETCATALOG_COMPILER_APPICON_NAME = AppIcon;
				INFOPLIST_FILE = Diancai/Info.plist;
				LD_RUNPATH_SEARCH_PATHS = "$(inherited) @executable_path/Frameworks";
				PRODUCT_NAME = "$(TARGET_NAME)";
			};
			name = Debug;
		};
		3CC8533119D0596900668F13 /* Release */ = {
			isa = XCBuildConfiguration;
			buildSettings = {
				ASSETCATALOG_COMPILER_APPICON_NAME = AppIcon;
				INFOPLIST_FILE = Diancai/Info.plist;
				LD_RUNPATH_SEARCH_PATHS = "$(inherited) @executable_path/Frameworks";
				PRODUCT_NAME = "$(TARGET_NAME)";
			};
			name = Release;
		};
		3CC8533319D0596900668F13 /* Debug */ = {
			isa = XCBuildConfiguration;
			buildSettings = {
				BUNDLE_LOADER = "$(TEST_HOST)";
				FRAMEWORK_SEARCH_PATHS = (
					"$(SDKROOT)/Developer/Library/Frameworks",
					"$(inherited)",
				);
				GCC_PREPROCESSOR_DEFINITIONS = (
					"DEBUG=1",
					"$(inherited)",
				);
				INFOPLIST_FILE = DiancaiTests/Info.plist;
				LD_RUNPATH_SEARCH_PATHS = "$(inherited) @executable_path/Frameworks @loader_path/Frameworks";
				PRODUCT_NAME = "$(TARGET_NAME)";
				TEST_HOST = "$(BUILT_PRODUCTS_DIR)/Diancai.app/Diancai";
			};
			name = Debug;
		};
		3CC8533419D0596900668F13 /* Release */ = {
			isa = XCBuildConfiguration;
			buildSettings = {
				BUNDLE_LOADER = "$(TEST_HOST)";
				FRAMEWORK_SEARCH_PATHS = (
					"$(SDKROOT)/Developer/Library/Frameworks",
					"$(inherited)",
				);
				INFOPLIST_FILE = DiancaiTests/Info.plist;
				LD_RUNPATH_SEARCH_PATHS = "$(inherited) @executable_path/Frameworks @loader_path/Frameworks";
				PRODUCT_NAME = "$(TARGET_NAME)";
				TEST_HOST = "$(BUILT_PRODUCTS_DIR)/Diancai.app/Diancai";
			};
			name = Release;
		};
/* End XCBuildConfiguration section */

/* Begin XCConfigurationList section */
		3CC8530719D0596800668F13 /* Build configuration list for PBXProject "Diancai" */ = {
			isa = XCConfigurationList;
			buildConfigurations = (
				3CC8532D19D0596900668F13 /* Debug */,
				3CC8532E19D0596900668F13 /* Release */,
			);
			defaultConfigurationIsVisible = 0;
			defaultConfigurationName = Release;
		};
		3CC8532F19D0596900668F13 /* Build configuration list for PBXNativeTarget "Diancai" */ = {
			isa = XCConfigurationList;
			buildConfigurations = (
				3CC8533019D0596900668F13 /* Debug */,
				3CC8533119D0596900668F13 /* Release */,
			);
			defaultConfigurationIsVisible = 0;
		};
		3CC8533219D0596900668F13 /* Build configuration list for PBXNativeTarget "DiancaiTests" */ = {
			isa = XCConfigurationList;
			buildConfigurations = (
				3CC8533319D0596900668F13 /* Debug */,
				3CC8533419D0596900668F13 /* Release */,
			);
			defaultConfigurationIsVisible = 0;
		};
/* End XCConfigurationList section */
	};
	rootObject = 3CC8530419D0596800668F13 /* Project object */;
}
