// !$*UTF8*$!
{
	archiveVersion = 1;
	classes = {
	};
	objectVersion = 46;
	objects = {

/* Begin PBXBuildFile section */
		3C1E6EE919D21B40007ADBB0 /* MDMenuViewController.m in Sources */ = {isa = PBXBuildFile; fileRef = 3C1E6EE819D21B40007ADBB0 /* MDMenuViewController.m */; };
		3C35516F1A655552008B5EF2 /* MDMenuHelper.m in Sources */ = {isa = PBXBuildFile; fileRef = 3C35516E1A655552008B5EF2 /* MDMenuHelper.m */; };
		3C3551721A658337008B5EF2 /* MDSettingViewController.m in Sources */ = {isa = PBXBuildFile; fileRef = 3C3551711A658337008B5EF2 /* MDSettingViewController.m */; };
		3C58D70F1A6E858E00847FF7 /* database.sqlite in Resources */ = {isa = PBXBuildFile; fileRef = 3C58D70E1A6E858E00847FF7 /* database.sqlite */; };
		3C5C73111A6E689000B4CB86 /* AFNetworkActivityIndicatorManager.m in Sources */ = {isa = PBXBuildFile; fileRef = 3C5C73011A6E689000B4CB86 /* AFNetworkActivityIndicatorManager.m */; };
		3C5C73121A6E689000B4CB86 /* UIActivityIndicatorView+AFNetworking.m in Sources */ = {isa = PBXBuildFile; fileRef = 3C5C73031A6E689000B4CB86 /* UIActivityIndicatorView+AFNetworking.m */; };
		3C5C73131A6E689000B4CB86 /* UIAlertView+AFNetworking.m in Sources */ = {isa = PBXBuildFile; fileRef = 3C5C73051A6E689000B4CB86 /* UIAlertView+AFNetworking.m */; };
		3C5C73141A6E689000B4CB86 /* UIButton+AFNetworking.m in Sources */ = {isa = PBXBuildFile; fileRef = 3C5C73071A6E689000B4CB86 /* UIButton+AFNetworking.m */; };
		3C5C73151A6E689000B4CB86 /* UIImageView+AFNetworking.m in Sources */ = {isa = PBXBuildFile; fileRef = 3C5C73091A6E689000B4CB86 /* UIImageView+AFNetworking.m */; };
		3C5C73161A6E689000B4CB86 /* UIProgressView+AFNetworking.m in Sources */ = {isa = PBXBuildFile; fileRef = 3C5C730C1A6E689000B4CB86 /* UIProgressView+AFNetworking.m */; };
		3C5C73171A6E689000B4CB86 /* UIRefreshControl+AFNetworking.m in Sources */ = {isa = PBXBuildFile; fileRef = 3C5C730E1A6E689000B4CB86 /* UIRefreshControl+AFNetworking.m */; };
		3C5C73181A6E689000B4CB86 /* UIWebView+AFNetworking.m in Sources */ = {isa = PBXBuildFile; fileRef = 3C5C73101A6E689000B4CB86 /* UIWebView+AFNetworking.m */; };
		3C5C732C1A6E68A800B4CB86 /* AFHTTPRequestOperation.m in Sources */ = {isa = PBXBuildFile; fileRef = 3C5C731A1A6E68A800B4CB86 /* AFHTTPRequestOperation.m */; };
		3C5C732D1A6E68A800B4CB86 /* AFHTTPRequestOperationManager.m in Sources */ = {isa = PBXBuildFile; fileRef = 3C5C731C1A6E68A800B4CB86 /* AFHTTPRequestOperationManager.m */; };
		3C5C732E1A6E68A800B4CB86 /* AFHTTPSessionManager.m in Sources */ = {isa = PBXBuildFile; fileRef = 3C5C731E1A6E68A800B4CB86 /* AFHTTPSessionManager.m */; };
		3C5C732F1A6E68A800B4CB86 /* AFNetworkReachabilityManager.m in Sources */ = {isa = PBXBuildFile; fileRef = 3C5C73211A6E68A800B4CB86 /* AFNetworkReachabilityManager.m */; };
		3C5C73301A6E68A800B4CB86 /* AFSecurityPolicy.m in Sources */ = {isa = PBXBuildFile; fileRef = 3C5C73231A6E68A800B4CB86 /* AFSecurityPolicy.m */; };
		3C5C73311A6E68A800B4CB86 /* AFURLConnectionOperation.m in Sources */ = {isa = PBXBuildFile; fileRef = 3C5C73251A6E68A800B4CB86 /* AFURLConnectionOperation.m */; };
		3C5C73321A6E68A800B4CB86 /* AFURLRequestSerialization.m in Sources */ = {isa = PBXBuildFile; fileRef = 3C5C73271A6E68A800B4CB86 /* AFURLRequestSerialization.m */; };
		3C5C73331A6E68A800B4CB86 /* AFURLResponseSerialization.m in Sources */ = {isa = PBXBuildFile; fileRef = 3C5C73291A6E68A800B4CB86 /* AFURLResponseSerialization.m */; };
		3C5C73341A6E68A800B4CB86 /* AFURLSessionManager.m in Sources */ = {isa = PBXBuildFile; fileRef = 3C5C732B1A6E68A800B4CB86 /* AFURLSessionManager.m */; };
		3C731B951A2F743700356747 /* MDListCommandViewController.m in Sources */ = {isa = PBXBuildFile; fileRef = 3C731B931A2F743700356747 /* MDListCommandViewController.m */; };
		3C731B961A2F743700356747 /* MDListCommandViewController.xib in Resources */ = {isa = PBXBuildFile; fileRef = 3C731B941A2F743700356747 /* MDListCommandViewController.xib */; };
		3C731B9A1A2F747A00356747 /* MDListCommandCell.m in Sources */ = {isa = PBXBuildFile; fileRef = 3C731B981A2F747A00356747 /* MDListCommandCell.m */; };
		3C731B9B1A2F747A00356747 /* MDListCommandCell.xib in Resources */ = {isa = PBXBuildFile; fileRef = 3C731B991A2F747A00356747 /* MDListCommandCell.xib */; };
		3C731B9E1A2F85C700356747 /* MDListCommandController.m in Sources */ = {isa = PBXBuildFile; fileRef = 3C731B9D1A2F85C700356747 /* MDListCommandController.m */; };
		3C8EFD501A666203001F1B22 /* CFNetwork.framework in Frameworks */ = {isa = PBXBuildFile; fileRef = 3C8EFD4F1A666203001F1B22 /* CFNetwork.framework */; };
		3C8EFD521A666212001F1B22 /* SystemConfiguration.framework in Frameworks */ = {isa = PBXBuildFile; fileRef = 3C8EFD511A666212001F1B22 /* SystemConfiguration.framework */; };
		3C8EFD541A66621B001F1B22 /* MobileCoreServices.framework in Frameworks */ = {isa = PBXBuildFile; fileRef = 3C8EFD531A66621B001F1B22 /* MobileCoreServices.framework */; };
		3C8EFD561A666222001F1B22 /* CoreGraphics.framework in Frameworks */ = {isa = PBXBuildFile; fileRef = 3C8EFD551A666222001F1B22 /* CoreGraphics.framework */; };
		3C8EFD581A66622A001F1B22 /* libz.dylib in Frameworks */ = {isa = PBXBuildFile; fileRef = 3C8EFD571A66622A001F1B22 /* libz.dylib */; };
		3C9452021A5C196F006FD841 /* MDFirstMenu.m in Sources */ = {isa = PBXBuildFile; fileRef = 3C9452011A5C196F006FD841 /* MDFirstMenu.m */; };
		3C9452051A5C198D006FD841 /* MDSecondMenu.m in Sources */ = {isa = PBXBuildFile; fileRef = 3C9452041A5C198D006FD841 /* MDSecondMenu.m */; };
		3C9452071A5C1C92006FD841 /* DBMenuTest.m in Sources */ = {isa = PBXBuildFile; fileRef = 3C9452061A5C1C92006FD841 /* DBMenuTest.m */; };
		3CC8531219D0596900668F13 /* main.m in Sources */ = {isa = PBXBuildFile; fileRef = 3CC8531119D0596900668F13 /* main.m */; };
		3CC8531B19D0596900668F13 /* Main.storyboard in Resources */ = {isa = PBXBuildFile; fileRef = 3CC8531919D0596900668F13 /* Main.storyboard */; };
		3CC8531D19D0596900668F13 /* Images.xcassets in Resources */ = {isa = PBXBuildFile; fileRef = 3CC8531C19D0596900668F13 /* Images.xcassets */; };
		3CC8532019D0596900668F13 /* LaunchScreen.xib in Resources */ = {isa = PBXBuildFile; fileRef = 3CC8531E19D0596900668F13 /* LaunchScreen.xib */; };
		3CC8532C19D0596900668F13 /* DiancaiTests.m in Sources */ = {isa = PBXBuildFile; fileRef = 3CC8532B19D0596900668F13 /* DiancaiTests.m */; };
		3CCD8DC619E1CD7B00F43497 /* PSCollectionView.m in Sources */ = {isa = PBXBuildFile; fileRef = 3CCD8DC319E1CD7B00F43497 /* PSCollectionView.m */; };
		3CCD8DC719E1CD7B00F43497 /* PSCollectionViewCell.m in Sources */ = {isa = PBXBuildFile; fileRef = 3CCD8DC519E1CD7B00F43497 /* PSCollectionViewCell.m */; };
		3CCD8DCA19E1CDBC00F43497 /* MDDishView.m in Sources */ = {isa = PBXBuildFile; fileRef = 3CCD8DC919E1CDBC00F43497 /* MDDishView.m */; };
		3CD70F571A0AC56B00BDA022 /* XTSegmentControl.m in Sources */ = {isa = PBXBuildFile; fileRef = 3CD70F561A0AC56B00BDA022 /* XTSegmentControl.m */; };
		3CD820941A1174D40024823C /* DishCollectionViewCell.xib in Resources */ = {isa = PBXBuildFile; fileRef = 3CD820961A1174D40024823C /* DishCollectionViewCell.xib */; };
		3CD8209B1A11778C0024823C /* MDDishPopoverControllerViewController.xib in Resources */ = {isa = PBXBuildFile; fileRef = 3CD8209D1A11778C0024823C /* MDDishPopoverControllerViewController.xib */; };
		3CD820B11A1292C90024823C /* MDFirstMenuTableCell.m in Sources */ = {isa = PBXBuildFile; fileRef = 3CD820AF1A1292C90024823C /* MDFirstMenuTableCell.m */; };
		3CD820B81A1295170024823C /* MDFirstMenuTableController.m in Sources */ = {isa = PBXBuildFile; fileRef = 3CD820B71A1295170024823C /* MDFirstMenuTableController.m */; };
		3CD820B91A12A0480024823C /* MDFirstMenuTableCell.xib in Resources */ = {isa = PBXBuildFile; fileRef = 3CD820BB1A12A0480024823C /* MDFirstMenuTableCell.xib */; };
		3CDCE54A1A01B3A10074923C /* MDDishPopoverControllerViewController.m in Sources */ = {isa = PBXBuildFile; fileRef = 3CDCE5481A01B3A10074923C /* MDDishPopoverControllerViewController.m */; };
		3CE25EF71A0B838E00DD249B /* MDActivicy.m in Sources */ = {isa = PBXBuildFile; fileRef = 3CE25EF61A0B838E00DD249B /* MDActivicy.m */; };
		3CE25EFA1A0B848900DD249B /* MDCommand.m in Sources */ = {isa = PBXBuildFile; fileRef = 3CE25EF91A0B848900DD249B /* MDCommand.m */; };
		3CE25EFD1A0B849E00DD249B /* MDDish.m in Sources */ = {isa = PBXBuildFile; fileRef = 3CE25EFC1A0B849E00DD249B /* MDDish.m */; };
		3CE25F001A0B84BD00DD249B /* MDType.m in Sources */ = {isa = PBXBuildFile; fileRef = 3CE25EFF1A0B84BD00DD249B /* MDType.m */; };
		3CE25F061A0B860900DD249B /* DishCollectionViewCell.m in Sources */ = {isa = PBXBuildFile; fileRef = 3CE25F041A0B860900DD249B /* DishCollectionViewCell.m */; };
		3CE25F091A0BA56700DD249B /* MDMenu.m in Sources */ = {isa = PBXBuildFile; fileRef = 3CE25F081A0BA56700DD249B /* MDMenu.m */; };
		3CF8A4951A3871A8003FDD2A /* MDAppConfiguration.plist in Resources */ = {isa = PBXBuildFile; fileRef = 3CF8A4941A3871A8003FDD2A /* MDAppConfiguration.plist */; };
		3CF8A4B21A3878DF003FDD2A /* FMDatabase.m in Sources */ = {isa = PBXBuildFile; fileRef = 3CF8A4A81A3878DF003FDD2A /* FMDatabase.m */; };
		3CF8A4B31A3878DF003FDD2A /* FMDatabaseAdditions.m in Sources */ = {isa = PBXBuildFile; fileRef = 3CF8A4AA1A3878DF003FDD2A /* FMDatabaseAdditions.m */; };
		3CF8A4B41A3878DF003FDD2A /* FMDatabasePool.m in Sources */ = {isa = PBXBuildFile; fileRef = 3CF8A4AC1A3878DF003FDD2A /* FMDatabasePool.m */; };
		3CF8A4B51A3878DF003FDD2A /* FMDatabaseQueue.m in Sources */ = {isa = PBXBuildFile; fileRef = 3CF8A4AE1A3878DF003FDD2A /* FMDatabaseQueue.m */; };
		3CF8A4B61A3878DF003FDD2A /* FMResultSet.m in Sources */ = {isa = PBXBuildFile; fileRef = 3CF8A4B11A3878DF003FDD2A /* FMResultSet.m */; };
		3CF8A4B81A38795B003FDD2A /* libsqlite3.dylib in Frameworks */ = {isa = PBXBuildFile; fileRef = 3CF8A4B71A38795B003FDD2A /* libsqlite3.dylib */; };
		3CF8A4D01A38979F003FDD2A /* SQLiteManager.m in Sources */ = {isa = PBXBuildFile; fileRef = 3CF8A4CF1A38979F003FDD2A /* SQLiteManager.m */; };
		3CF8A4D31A38CAAE003FDD2A /* MDUserCommand.m in Sources */ = {isa = PBXBuildFile; fileRef = 3CF8A4D21A38CAAE003FDD2A /* MDUserCommand.m */; };
		3CFE306219D53EF500210AD5 /* angry_birds_cake.jpg in Resources */ = {isa = PBXBuildFile; fileRef = 3CFE305219D53EF500210AD5 /* angry_birds_cake.jpg */; };
		3CFE306319D53EF500210AD5 /* creme_brelee.jpg in Resources */ = {isa = PBXBuildFile; fileRef = 3CFE305319D53EF500210AD5 /* creme_brelee.jpg */; };
		3CFE306419D53EF500210AD5 /* egg_benedict.jpg in Resources */ = {isa = PBXBuildFile; fileRef = 3CFE305419D53EF500210AD5 /* egg_benedict.jpg */; };
		3CFE306519D53EF500210AD5 /* full_breakfast.jpg in Resources */ = {isa = PBXBuildFile; fileRef = 3CFE305519D53EF500210AD5 /* full_breakfast.jpg */; };
		3CFE306619D53EF500210AD5 /* green_tea.jpg in Resources */ = {isa = PBXBuildFile; fileRef = 3CFE305619D53EF500210AD5 /* green_tea.jpg */; };
		3CFE306719D53EF500210AD5 /* ham_and_cheese_panini.jpg in Resources */ = {isa = PBXBuildFile; fileRef = 3CFE305719D53EF500210AD5 /* ham_and_cheese_panini.jpg */; };
		3CFE306819D53EF500210AD5 /* ham_and_egg_sandwich.jpg in Resources */ = {isa = PBXBuildFile; fileRef = 3CFE305819D53EF500210AD5 /* ham_and_egg_sandwich.jpg */; };
		3CFE306919D53EF500210AD5 /* hamburger.jpg in Resources */ = {isa = PBXBuildFile; fileRef = 3CFE305919D53EF500210AD5 /* hamburger.jpg */; };
		3CFE306A19D53EF500210AD5 /* instant_noodle_with_egg.jpg in Resources */ = {isa = PBXBuildFile; fileRef = 3CFE305A19D53EF500210AD5 /* instant_noodle_with_egg.jpg */; };
		3CFE306B19D53EF500210AD5 /* japanese_noodle_with_pork.jpg in Resources */ = {isa = PBXBuildFile; fileRef = 3CFE305B19D53EF500210AD5 /* japanese_noodle_with_pork.jpg */; };
		3CFE306C19D53EF500210AD5 /* mushroom_risotto.jpg in Resources */ = {isa = PBXBuildFile; fileRef = 3CFE305C19D53EF500210AD5 /* mushroom_risotto.jpg */; };
		3CFE306D19D53EF500210AD5 /* noodle_with_bbq_pork.jpg in Resources */ = {isa = PBXBuildFile; fileRef = 3CFE305D19D53EF500210AD5 /* noodle_with_bbq_pork.jpg */; };
		3CFE306E19D53EF500210AD5 /* starbucks_coffee.jpg in Resources */ = {isa = PBXBuildFile; fileRef = 3CFE305E19D53EF500210AD5 /* starbucks_coffee.jpg */; };
		3CFE306F19D53EF500210AD5 /* thai_shrimp_cake.jpg in Resources */ = {isa = PBXBuildFile; fileRef = 3CFE305F19D53EF500210AD5 /* thai_shrimp_cake.jpg */; };
		3CFE307019D53EF500210AD5 /* vegetable_curry.jpg in Resources */ = {isa = PBXBuildFile; fileRef = 3CFE306019D53EF500210AD5 /* vegetable_curry.jpg */; };
		3CFE307119D53EF500210AD5 /* white_chocolate_donut.jpg in Resources */ = {isa = PBXBuildFile; fileRef = 3CFE306119D53EF500210AD5 /* white_chocolate_donut.jpg */; };
		3CFE307419D53F6300210AD5 /* iCarousel.m in Sources */ = {isa = PBXBuildFile; fileRef = 3CFE307319D53F6300210AD5 /* iCarousel.m */; };
		3CFE307819D5537700210AD5 /* AppDelegate.m in Sources */ = {isa = PBXBuildFile; fileRef = 3CFE307719D5537700210AD5 /* AppDelegate.m */; };
		3CFE307C19D553CB00210AD5 /* MDMainViewController.m in Sources */ = {isa = PBXBuildFile; fileRef = 3CFE307A19D553CB00210AD5 /* MDMainViewController.m */; };
/* End PBXBuildFile section */

/* Begin PBXContainerItemProxy section */
		3CC8532619D0596900668F13 /* PBXContainerItemProxy */ = {
			isa = PBXContainerItemProxy;
			containerPortal = 3CC8530419D0596800668F13 /* Project object */;
			proxyType = 1;
			remoteGlobalIDString = 3CC8530B19D0596800668F13;
			remoteInfo = Diancai;
		};
/* End PBXContainerItemProxy section */

/* Begin PBXFileReference section */
		3C156A021A115C8000ABF5D1 /* fr */ = {isa = PBXFileReference; lastKnownFileType = text.plist.strings; name = fr; path = fr.lproj/Main.strings; sourceTree = "<group>"; };
		3C156A031A115C8000ABF5D1 /* fr */ = {isa = PBXFileReference; lastKnownFileType = text.plist.strings; name = fr; path = fr.lproj/LaunchScreen.strings; sourceTree = "<group>"; };
		3C1E6EE719D21B40007ADBB0 /* MDMenuViewController.h */ = {isa = PBXFileReference; fileEncoding = 4; lastKnownFileType = sourcecode.c.h; name = MDMenuViewController.h; path = ViewController/Menu/MDMenuViewController.h; sourceTree = "<group>"; };
		3C1E6EE819D21B40007ADBB0 /* MDMenuViewController.m */ = {isa = PBXFileReference; fileEncoding = 4; lastKnownFileType = sourcecode.c.objc; name = MDMenuViewController.m; path = ViewController/Menu/MDMenuViewController.m; sourceTree = "<group>"; };
		3C35516D1A655552008B5EF2 /* MDMenuHelper.h */ = {isa = PBXFileReference; fileEncoding = 4; lastKnownFileType = sourcecode.c.h; name = MDMenuHelper.h; path = Helper/MDMenuHelper.h; sourceTree = "<group>"; };
		3C35516E1A655552008B5EF2 /* MDMenuHelper.m */ = {isa = PBXFileReference; fileEncoding = 4; lastKnownFileType = sourcecode.c.objc; name = MDMenuHelper.m; path = Helper/MDMenuHelper.m; sourceTree = "<group>"; };
		3C3551701A658337008B5EF2 /* MDSettingViewController.h */ = {isa = PBXFileReference; fileEncoding = 4; lastKnownFileType = sourcecode.c.h; name = MDSettingViewController.h; path = ViewController/MDSettingViewController.h; sourceTree = "<group>"; };
		3C3551711A658337008B5EF2 /* MDSettingViewController.m */ = {isa = PBXFileReference; fileEncoding = 4; lastKnownFileType = sourcecode.c.objc; name = MDSettingViewController.m; path = ViewController/MDSettingViewController.m; sourceTree = "<group>"; };
		3C58D70E1A6E858E00847FF7 /* database.sqlite */ = {isa = PBXFileReference; lastKnownFileType = file; path = database.sqlite; sourceTree = "<group>"; };
		3C5C73001A6E689000B4CB86 /* AFNetworkActivityIndicatorManager.h */ = {isa = PBXFileReference; fileEncoding = 4; lastKnownFileType = sourcecode.c.h; name = AFNetworkActivityIndicatorManager.h; path = "Libraries/UIKit+AFNetworking/AFNetworkActivityIndicatorManager.h"; sourceTree = "<group>"; };
		3C5C73011A6E689000B4CB86 /* AFNetworkActivityIndicatorManager.m */ = {isa = PBXFileReference; fileEncoding = 4; lastKnownFileType = sourcecode.c.objc; name = AFNetworkActivityIndicatorManager.m; path = "Libraries/UIKit+AFNetworking/AFNetworkActivityIndicatorManager.m"; sourceTree = "<group>"; };
		3C5C73021A6E689000B4CB86 /* UIActivityIndicatorView+AFNetworking.h */ = {isa = PBXFileReference; fileEncoding = 4; lastKnownFileType = sourcecode.c.h; name = "UIActivityIndicatorView+AFNetworking.h"; path = "Libraries/UIKit+AFNetworking/UIActivityIndicatorView+AFNetworking.h"; sourceTree = "<group>"; };
		3C5C73031A6E689000B4CB86 /* UIActivityIndicatorView+AFNetworking.m */ = {isa = PBXFileReference; fileEncoding = 4; lastKnownFileType = sourcecode.c.objc; name = "UIActivityIndicatorView+AFNetworking.m"; path = "Libraries/UIKit+AFNetworking/UIActivityIndicatorView+AFNetworking.m"; sourceTree = "<group>"; };
		3C5C73041A6E689000B4CB86 /* UIAlertView+AFNetworking.h */ = {isa = PBXFileReference; fileEncoding = 4; lastKnownFileType = sourcecode.c.h; name = "UIAlertView+AFNetworking.h"; path = "Libraries/UIKit+AFNetworking/UIAlertView+AFNetworking.h"; sourceTree = "<group>"; };
		3C5C73051A6E689000B4CB86 /* UIAlertView+AFNetworking.m */ = {isa = PBXFileReference; fileEncoding = 4; lastKnownFileType = sourcecode.c.objc; name = "UIAlertView+AFNetworking.m"; path = "Libraries/UIKit+AFNetworking/UIAlertView+AFNetworking.m"; sourceTree = "<group>"; };
		3C5C73061A6E689000B4CB86 /* UIButton+AFNetworking.h */ = {isa = PBXFileReference; fileEncoding = 4; lastKnownFileType = sourcecode.c.h; name = "UIButton+AFNetworking.h"; path = "Libraries/UIKit+AFNetworking/UIButton+AFNetworking.h"; sourceTree = "<group>"; };
		3C5C73071A6E689000B4CB86 /* UIButton+AFNetworking.m */ = {isa = PBXFileReference; fileEncoding = 4; lastKnownFileType = sourcecode.c.objc; name = "UIButton+AFNetworking.m"; path = "Libraries/UIKit+AFNetworking/UIButton+AFNetworking.m"; sourceTree = "<group>"; };
		3C5C73081A6E689000B4CB86 /* UIImageView+AFNetworking.h */ = {isa = PBXFileReference; fileEncoding = 4; lastKnownFileType = sourcecode.c.h; name = "UIImageView+AFNetworking.h"; path = "Libraries/UIKit+AFNetworking/UIImageView+AFNetworking.h"; sourceTree = "<group>"; };
		3C5C73091A6E689000B4CB86 /* UIImageView+AFNetworking.m */ = {isa = PBXFileReference; fileEncoding = 4; lastKnownFileType = sourcecode.c.objc; name = "UIImageView+AFNetworking.m"; path = "Libraries/UIKit+AFNetworking/UIImageView+AFNetworking.m"; sourceTree = "<group>"; };
		3C5C730A1A6E689000B4CB86 /* UIKit+AFNetworking.h */ = {isa = PBXFileReference; fileEncoding = 4; lastKnownFileType = sourcecode.c.h; name = "UIKit+AFNetworking.h"; path = "Libraries/UIKit+AFNetworking/UIKit+AFNetworking.h"; sourceTree = "<group>"; };
		3C5C730B1A6E689000B4CB86 /* UIProgressView+AFNetworking.h */ = {isa = PBXFileReference; fileEncoding = 4; lastKnownFileType = sourcecode.c.h; name = "UIProgressView+AFNetworking.h"; path = "Libraries/UIKit+AFNetworking/UIProgressView+AFNetworking.h"; sourceTree = "<group>"; };
		3C5C730C1A6E689000B4CB86 /* UIProgressView+AFNetworking.m */ = {isa = PBXFileReference; fileEncoding = 4; lastKnownFileType = sourcecode.c.objc; name = "UIProgressView+AFNetworking.m"; path = "Libraries/UIKit+AFNetworking/UIProgressView+AFNetworking.m"; sourceTree = "<group>"; };
		3C5C730D1A6E689000B4CB86 /* UIRefreshControl+AFNetworking.h */ = {isa = PBXFileReference; fileEncoding = 4; lastKnownFileType = sourcecode.c.h; name = "UIRefreshControl+AFNetworking.h"; path = "Libraries/UIKit+AFNetworking/UIRefreshControl+AFNetworking.h"; sourceTree = "<group>"; };
		3C5C730E1A6E689000B4CB86 /* UIRefreshControl+AFNetworking.m */ = {isa = PBXFileReference; fileEncoding = 4; lastKnownFileType = sourcecode.c.objc; name = "UIRefreshControl+AFNetworking.m"; path = "Libraries/UIKit+AFNetworking/UIRefreshControl+AFNetworking.m"; sourceTree = "<group>"; };
		3C5C730F1A6E689000B4CB86 /* UIWebView+AFNetworking.h */ = {isa = PBXFileReference; fileEncoding = 4; lastKnownFileType = sourcecode.c.h; name = "UIWebView+AFNetworking.h"; path = "Libraries/UIKit+AFNetworking/UIWebView+AFNetworking.h"; sourceTree = "<group>"; };
		3C5C73101A6E689000B4CB86 /* UIWebView+AFNetworking.m */ = {isa = PBXFileReference; fileEncoding = 4; lastKnownFileType = sourcecode.c.objc; name = "UIWebView+AFNetworking.m"; path = "Libraries/UIKit+AFNetworking/UIWebView+AFNetworking.m"; sourceTree = "<group>"; };
		3C5C73191A6E68A800B4CB86 /* AFHTTPRequestOperation.h */ = {isa = PBXFileReference; fileEncoding = 4; lastKnownFileType = sourcecode.c.h; name = AFHTTPRequestOperation.h; path = Libraries/AFNetworking/AFHTTPRequestOperation.h; sourceTree = "<group>"; };
		3C5C731A1A6E68A800B4CB86 /* AFHTTPRequestOperation.m */ = {isa = PBXFileReference; fileEncoding = 4; lastKnownFileType = sourcecode.c.objc; name = AFHTTPRequestOperation.m; path = Libraries/AFNetworking/AFHTTPRequestOperation.m; sourceTree = "<group>"; };
		3C5C731B1A6E68A800B4CB86 /* AFHTTPRequestOperationManager.h */ = {isa = PBXFileReference; fileEncoding = 4; lastKnownFileType = sourcecode.c.h; name = AFHTTPRequestOperationManager.h; path = Libraries/AFNetworking/AFHTTPRequestOperationManager.h; sourceTree = "<group>"; };
		3C5C731C1A6E68A800B4CB86 /* AFHTTPRequestOperationManager.m */ = {isa = PBXFileReference; fileEncoding = 4; lastKnownFileType = sourcecode.c.objc; name = AFHTTPRequestOperationManager.m; path = Libraries/AFNetworking/AFHTTPRequestOperationManager.m; sourceTree = "<group>"; };
		3C5C731D1A6E68A800B4CB86 /* AFHTTPSessionManager.h */ = {isa = PBXFileReference; fileEncoding = 4; lastKnownFileType = sourcecode.c.h; name = AFHTTPSessionManager.h; path = Libraries/AFNetworking/AFHTTPSessionManager.h; sourceTree = "<group>"; };
		3C5C731E1A6E68A800B4CB86 /* AFHTTPSessionManager.m */ = {isa = PBXFileReference; fileEncoding = 4; lastKnownFileType = sourcecode.c.objc; name = AFHTTPSessionManager.m; path = Libraries/AFNetworking/AFHTTPSessionManager.m; sourceTree = "<group>"; };
		3C5C731F1A6E68A800B4CB86 /* AFNetworking.h */ = {isa = PBXFileReference; fileEncoding = 4; lastKnownFileType = sourcecode.c.h; name = AFNetworking.h; path = Libraries/AFNetworking/AFNetworking.h; sourceTree = "<group>"; };
		3C5C73201A6E68A800B4CB86 /* AFNetworkReachabilityManager.h */ = {isa = PBXFileReference; fileEncoding = 4; lastKnownFileType = sourcecode.c.h; name = AFNetworkReachabilityManager.h; path = Libraries/AFNetworking/AFNetworkReachabilityManager.h; sourceTree = "<group>"; };
		3C5C73211A6E68A800B4CB86 /* AFNetworkReachabilityManager.m */ = {isa = PBXFileReference; fileEncoding = 4; lastKnownFileType = sourcecode.c.objc; name = AFNetworkReachabilityManager.m; path = Libraries/AFNetworking/AFNetworkReachabilityManager.m; sourceTree = "<group>"; };
		3C5C73221A6E68A800B4CB86 /* AFSecurityPolicy.h */ = {isa = PBXFileReference; fileEncoding = 4; lastKnownFileType = sourcecode.c.h; name = AFSecurityPolicy.h; path = Libraries/AFNetworking/AFSecurityPolicy.h; sourceTree = "<group>"; };
		3C5C73231A6E68A800B4CB86 /* AFSecurityPolicy.m */ = {isa = PBXFileReference; fileEncoding = 4; lastKnownFileType = sourcecode.c.objc; name = AFSecurityPolicy.m; path = Libraries/AFNetworking/AFSecurityPolicy.m; sourceTree = "<group>"; };
		3C5C73241A6E68A800B4CB86 /* AFURLConnectionOperation.h */ = {isa = PBXFileReference; fileEncoding = 4; lastKnownFileType = sourcecode.c.h; name = AFURLConnectionOperation.h; path = Libraries/AFNetworking/AFURLConnectionOperation.h; sourceTree = "<group>"; };
		3C5C73251A6E68A800B4CB86 /* AFURLConnectionOperation.m */ = {isa = PBXFileReference; fileEncoding = 4; lastKnownFileType = sourcecode.c.objc; name = AFURLConnectionOperation.m; path = Libraries/AFNetworking/AFURLConnectionOperation.m; sourceTree = "<group>"; };
		3C5C73261A6E68A800B4CB86 /* AFURLRequestSerialization.h */ = {isa = PBXFileReference; fileEncoding = 4; lastKnownFileType = sourcecode.c.h; name = AFURLRequestSerialization.h; path = Libraries/AFNetworking/AFURLRequestSerialization.h; sourceTree = "<group>"; };
		3C5C73271A6E68A800B4CB86 /* AFURLRequestSerialization.m */ = {isa = PBXFileReference; fileEncoding = 4; lastKnownFileType = sourcecode.c.objc; name = AFURLRequestSerialization.m; path = Libraries/AFNetworking/AFURLRequestSerialization.m; sourceTree = "<group>"; };
		3C5C73281A6E68A800B4CB86 /* AFURLResponseSerialization.h */ = {isa = PBXFileReference; fileEncoding = 4; lastKnownFileType = sourcecode.c.h; name = AFURLResponseSerialization.h; path = Libraries/AFNetworking/AFURLResponseSerialization.h; sourceTree = "<group>"; };
		3C5C73291A6E68A800B4CB86 /* AFURLResponseSerialization.m */ = {isa = PBXFileReference; fileEncoding = 4; lastKnownFileType = sourcecode.c.objc; name = AFURLResponseSerialization.m; path = Libraries/AFNetworking/AFURLResponseSerialization.m; sourceTree = "<group>"; };
		3C5C732A1A6E68A800B4CB86 /* AFURLSessionManager.h */ = {isa = PBXFileReference; fileEncoding = 4; lastKnownFileType = sourcecode.c.h; name = AFURLSessionManager.h; path = Libraries/AFNetworking/AFURLSessionManager.h; sourceTree = "<group>"; };
		3C5C732B1A6E68A800B4CB86 /* AFURLSessionManager.m */ = {isa = PBXFileReference; fileEncoding = 4; lastKnownFileType = sourcecode.c.objc; name = AFURLSessionManager.m; path = Libraries/AFNetworking/AFURLSessionManager.m; sourceTree = "<group>"; };
		3C731B921A2F743700356747 /* MDListCommandViewController.h */ = {isa = PBXFileReference; fileEncoding = 4; lastKnownFileType = sourcecode.c.h; name = MDListCommandViewController.h; path = ViewController/Menu/ListCommand/MDListCommandViewController.h; sourceTree = "<group>"; };
		3C731B931A2F743700356747 /* MDListCommandViewController.m */ = {isa = PBXFileReference; fileEncoding = 4; lastKnownFileType = sourcecode.c.objc; name = MDListCommandViewController.m; path = ViewController/Menu/ListCommand/MDListCommandViewController.m; sourceTree = "<group>"; };
		3C731B941A2F743700356747 /* MDListCommandViewController.xib */ = {isa = PBXFileReference; fileEncoding = 4; lastKnownFileType = file.xib; name = MDListCommandViewController.xib; path = ViewController/Menu/ListCommand/MDListCommandViewController.xib; sourceTree = "<group>"; };
		3C731B971A2F747A00356747 /* MDListCommandCell.h */ = {isa = PBXFileReference; fileEncoding = 4; lastKnownFileType = sourcecode.c.h; name = MDListCommandCell.h; path = ViewController/Menu/ListCommand/Cell/MDListCommandCell.h; sourceTree = "<group>"; };
		3C731B981A2F747A00356747 /* MDListCommandCell.m */ = {isa = PBXFileReference; fileEncoding = 4; lastKnownFileType = sourcecode.c.objc; name = MDListCommandCell.m; path = ViewController/Menu/ListCommand/Cell/MDListCommandCell.m; sourceTree = "<group>"; };
		3C731B991A2F747A00356747 /* MDListCommandCell.xib */ = {isa = PBXFileReference; fileEncoding = 4; lastKnownFileType = file.xib; name = MDListCommandCell.xib; path = ViewController/Menu/ListCommand/Cell/MDListCommandCell.xib; sourceTree = "<group>"; };
		3C731B9C1A2F85C700356747 /* MDListCommandController.h */ = {isa = PBXFileReference; fileEncoding = 4; lastKnownFileType = sourcecode.c.h; name = MDListCommandController.h; path = ViewController/Menu/ListCommand/MDListCommandController.h; sourceTree = "<group>"; };
		3C731B9D1A2F85C700356747 /* MDListCommandController.m */ = {isa = PBXFileReference; fileEncoding = 4; lastKnownFileType = sourcecode.c.objc; name = MDListCommandController.m; path = ViewController/Menu/ListCommand/MDListCommandController.m; sourceTree = "<group>"; };
		3C8EFD4F1A666203001F1B22 /* CFNetwork.framework */ = {isa = PBXFileReference; lastKnownFileType = wrapper.framework; name = CFNetwork.framework; path = System/Library/Frameworks/CFNetwork.framework; sourceTree = SDKROOT; };
		3C8EFD511A666212001F1B22 /* SystemConfiguration.framework */ = {isa = PBXFileReference; lastKnownFileType = wrapper.framework; name = SystemConfiguration.framework; path = System/Library/Frameworks/SystemConfiguration.framework; sourceTree = SDKROOT; };
		3C8EFD531A66621B001F1B22 /* MobileCoreServices.framework */ = {isa = PBXFileReference; lastKnownFileType = wrapper.framework; name = MobileCoreServices.framework; path = System/Library/Frameworks/MobileCoreServices.framework; sourceTree = SDKROOT; };
		3C8EFD551A666222001F1B22 /* CoreGraphics.framework */ = {isa = PBXFileReference; lastKnownFileType = wrapper.framework; name = CoreGraphics.framework; path = System/Library/Frameworks/CoreGraphics.framework; sourceTree = SDKROOT; };
		3C8EFD571A66622A001F1B22 /* libz.dylib */ = {isa = PBXFileReference; lastKnownFileType = "compiled.mach-o.dylib"; name = libz.dylib; path = usr/lib/libz.dylib; sourceTree = SDKROOT; };
		3C9452001A5C196F006FD841 /* MDFirstMenu.h */ = {isa = PBXFileReference; fileEncoding = 4; lastKnownFileType = sourcecode.c.h; name = MDFirstMenu.h; path = Data/MDFirstMenu.h; sourceTree = "<group>"; };
		3C9452011A5C196F006FD841 /* MDFirstMenu.m */ = {isa = PBXFileReference; fileEncoding = 4; lastKnownFileType = sourcecode.c.objc; name = MDFirstMenu.m; path = Data/MDFirstMenu.m; sourceTree = "<group>"; };
		3C9452031A5C198D006FD841 /* MDSecondMenu.h */ = {isa = PBXFileReference; fileEncoding = 4; lastKnownFileType = sourcecode.c.h; name = MDSecondMenu.h; path = Data/MDSecondMenu.h; sourceTree = "<group>"; };
		3C9452041A5C198D006FD841 /* MDSecondMenu.m */ = {isa = PBXFileReference; fileEncoding = 4; lastKnownFileType = sourcecode.c.objc; name = MDSecondMenu.m; path = Data/MDSecondMenu.m; sourceTree = "<group>"; };
		3C9452061A5C1C92006FD841 /* DBMenuTest.m */ = {isa = PBXFileReference; fileEncoding = 4; lastKnownFileType = sourcecode.c.objc; path = DBMenuTest.m; sourceTree = "<group>"; };
		3CC8530C19D0596800668F13 /* Diancai.app */ = {isa = PBXFileReference; explicitFileType = wrapper.application; includeInIndex = 0; path = Diancai.app; sourceTree = BUILT_PRODUCTS_DIR; };
		3CC8531019D0596900668F13 /* Info.plist */ = {isa = PBXFileReference; lastKnownFileType = text.plist.xml; path = Info.plist; sourceTree = "<group>"; };
		3CC8531119D0596900668F13 /* main.m */ = {isa = PBXFileReference; lastKnownFileType = sourcecode.c.objc; path = main.m; sourceTree = "<group>"; };
		3CC8531A19D0596900668F13 /* Base */ = {isa = PBXFileReference; lastKnownFileType = file.storyboard; name = Base; path = Base.lproj/Main.storyboard; sourceTree = "<group>"; };
		3CC8531C19D0596900668F13 /* Images.xcassets */ = {isa = PBXFileReference; lastKnownFileType = folder.assetcatalog; path = Images.xcassets; sourceTree = "<group>"; };
		3CC8531F19D0596900668F13 /* Base */ = {isa = PBXFileReference; lastKnownFileType = file.xib; name = Base; path = Base.lproj/LaunchScreen.xib; sourceTree = "<group>"; };
		3CC8532519D0596900668F13 /* DiancaiTests.xctest */ = {isa = PBXFileReference; explicitFileType = wrapper.cfbundle; includeInIndex = 0; path = DiancaiTests.xctest; sourceTree = BUILT_PRODUCTS_DIR; };
		3CC8532A19D0596900668F13 /* Info.plist */ = {isa = PBXFileReference; lastKnownFileType = text.plist.xml; path = Info.plist; sourceTree = "<group>"; };
		3CC8532B19D0596900668F13 /* DiancaiTests.m */ = {isa = PBXFileReference; lastKnownFileType = sourcecode.c.objc; path = DiancaiTests.m; sourceTree = "<group>"; };
		3CCD8DC219E1CD7B00F43497 /* PSCollectionView.h */ = {isa = PBXFileReference; fileEncoding = 4; lastKnownFileType = sourcecode.c.h; name = PSCollectionView.h; path = resource/PSCollectionView/PSCollectionView.h; sourceTree = "<group>"; };
		3CCD8DC319E1CD7B00F43497 /* PSCollectionView.m */ = {isa = PBXFileReference; fileEncoding = 4; lastKnownFileType = sourcecode.c.objc; name = PSCollectionView.m; path = resource/PSCollectionView/PSCollectionView.m; sourceTree = "<group>"; };
		3CCD8DC419E1CD7B00F43497 /* PSCollectionViewCell.h */ = {isa = PBXFileReference; fileEncoding = 4; lastKnownFileType = sourcecode.c.h; name = PSCollectionViewCell.h; path = resource/PSCollectionView/PSCollectionViewCell.h; sourceTree = "<group>"; };
		3CCD8DC519E1CD7B00F43497 /* PSCollectionViewCell.m */ = {isa = PBXFileReference; fileEncoding = 4; lastKnownFileType = sourcecode.c.objc; name = PSCollectionViewCell.m; path = resource/PSCollectionView/PSCollectionViewCell.m; sourceTree = "<group>"; };
		3CCD8DC819E1CDBC00F43497 /* MDDishView.h */ = {isa = PBXFileReference; fileEncoding = 4; lastKnownFileType = sourcecode.c.h; name = MDDishView.h; path = ViewController/Menu/MDDishView.h; sourceTree = "<group>"; };
		3CCD8DC919E1CDBC00F43497 /* MDDishView.m */ = {isa = PBXFileReference; fileEncoding = 4; lastKnownFileType = sourcecode.c.objc; name = MDDishView.m; path = ViewController/Menu/MDDishView.m; sourceTree = "<group>"; };
		3CD70F551A0AC56B00BDA022 /* XTSegmentControl.h */ = {isa = PBXFileReference; fileEncoding = 4; lastKnownFileType = sourcecode.c.h; name = XTSegmentControl.h; path = Libraries/XTSegmentControl/XTSegmentControl.h; sourceTree = "<group>"; };
		3CD70F561A0AC56B00BDA022 /* XTSegmentControl.m */ = {isa = PBXFileReference; fileEncoding = 4; lastKnownFileType = sourcecode.c.objc; name = XTSegmentControl.m; path = Libraries/XTSegmentControl/XTSegmentControl.m; sourceTree = "<group>"; };
		3CD820921A11628C0024823C /* zh-Hans */ = {isa = PBXFileReference; lastKnownFileType = text.plist.strings; name = "zh-Hans"; path = "zh-Hans.lproj/Main.strings"; sourceTree = "<group>"; };
		3CD820931A11628C0024823C /* zh-Hans */ = {isa = PBXFileReference; lastKnownFileType = text.plist.strings; name = "zh-Hans"; path = "zh-Hans.lproj/LaunchScreen.strings"; sourceTree = "<group>"; };
		3CD820951A1174D40024823C /* Base */ = {isa = PBXFileReference; lastKnownFileType = file.xib; name = Base; path = Base.lproj/DishCollectionViewCell.xib; sourceTree = "<group>"; };
		3CD820981A1174DE0024823C /* fr */ = {isa = PBXFileReference; lastKnownFileType = text.plist.strings; name = fr; path = fr.lproj/DishCollectionViewCell.strings; sourceTree = "<group>"; };
		3CD8209A1A1174DF0024823C /* zh-Hans */ = {isa = PBXFileReference; lastKnownFileType = text.plist.strings; name = "zh-Hans"; path = "zh-Hans.lproj/DishCollectionViewCell.strings"; sourceTree = "<group>"; };
		3CD8209C1A11778C0024823C /* Base */ = {isa = PBXFileReference; lastKnownFileType = file.xib; name = Base; path = Base.lproj/MDDishPopoverControllerViewController.xib; sourceTree = "<group>"; };
		3CD820AB1A123F220024823C /* fr */ = {isa = PBXFileReference; lastKnownFileType = text.plist.strings; name = fr; path = fr.lproj/MDDishPopoverControllerViewController.strings; sourceTree = "<group>"; };
		3CD820AD1A123F250024823C /* zh-Hans */ = {isa = PBXFileReference; lastKnownFileType = text.plist.strings; name = "zh-Hans"; path = "zh-Hans.lproj/MDDishPopoverControllerViewController.strings"; sourceTree = "<group>"; };
		3CD820AE1A1292C90024823C /* MDFirstMenuTableCell.h */ = {isa = PBXFileReference; fileEncoding = 4; lastKnownFileType = sourcecode.c.h; name = MDFirstMenuTableCell.h; path = ViewController/Menu/Cell/MDFirstMenuTableCell.h; sourceTree = "<group>"; };
		3CD820AF1A1292C90024823C /* MDFirstMenuTableCell.m */ = {isa = PBXFileReference; fileEncoding = 4; lastKnownFileType = sourcecode.c.objc; name = MDFirstMenuTableCell.m; path = ViewController/Menu/Cell/MDFirstMenuTableCell.m; sourceTree = "<group>"; };
		3CD820B61A1295170024823C /* MDFirstMenuTableController.h */ = {isa = PBXFileReference; fileEncoding = 4; lastKnownFileType = sourcecode.c.h; name = MDFirstMenuTableController.h; path = ViewController/Menu/MDFirstMenuTableController.h; sourceTree = "<group>"; };
		3CD820B71A1295170024823C /* MDFirstMenuTableController.m */ = {isa = PBXFileReference; fileEncoding = 4; lastKnownFileType = sourcecode.c.objc; name = MDFirstMenuTableController.m; path = ViewController/Menu/MDFirstMenuTableController.m; sourceTree = "<group>"; };
		3CD820BA1A12A0480024823C /* Base */ = {isa = PBXFileReference; lastKnownFileType = file.xib; name = Base; path = Base.lproj/MDFirstMenuTableCell.xib; sourceTree = "<group>"; };
		3CD820BD1A12A04B0024823C /* fr */ = {isa = PBXFileReference; lastKnownFileType = text.plist.strings; name = fr; path = fr.lproj/MDFirstMenuTableCell.strings; sourceTree = "<group>"; };
		3CD820BF1A12A04B0024823C /* zh-Hans */ = {isa = PBXFileReference; lastKnownFileType = text.plist.strings; name = "zh-Hans"; path = "zh-Hans.lproj/MDFirstMenuTableCell.strings"; sourceTree = "<group>"; };
		3CDCE5471A01B3A10074923C /* MDDishPopoverControllerViewController.h */ = {isa = PBXFileReference; fileEncoding = 4; lastKnownFileType = sourcecode.c.h; name = MDDishPopoverControllerViewController.h; path = ViewController/Menu/MDDishPopoverControllerViewController.h; sourceTree = "<group>"; };
		3CDCE5481A01B3A10074923C /* MDDishPopoverControllerViewController.m */ = {isa = PBXFileReference; fileEncoding = 4; lastKnownFileType = sourcecode.c.objc; name = MDDishPopoverControllerViewController.m; path = ViewController/Menu/MDDishPopoverControllerViewController.m; sourceTree = "<group>"; };
		3CE25EF51A0B838E00DD249B /* MDActivicy.h */ = {isa = PBXFileReference; fileEncoding = 4; lastKnownFileType = sourcecode.c.h; name = MDActivicy.h; path = Data/Model/MDActivicy.h; sourceTree = "<group>"; };
		3CE25EF61A0B838E00DD249B /* MDActivicy.m */ = {isa = PBXFileReference; fileEncoding = 4; lastKnownFileType = sourcecode.c.objc; name = MDActivicy.m; path = Data/Model/MDActivicy.m; sourceTree = "<group>"; };
		3CE25EF81A0B848900DD249B /* MDCommand.h */ = {isa = PBXFileReference; fileEncoding = 4; lastKnownFileType = sourcecode.c.h; name = MDCommand.h; path = Data/Model/MDCommand.h; sourceTree = "<group>"; };
		3CE25EF91A0B848900DD249B /* MDCommand.m */ = {isa = PBXFileReference; fileEncoding = 4; lastKnownFileType = sourcecode.c.objc; name = MDCommand.m; path = Data/Model/MDCommand.m; sourceTree = "<group>"; };
		3CE25EFB1A0B849E00DD249B /* MDDish.h */ = {isa = PBXFileReference; fileEncoding = 4; lastKnownFileType = sourcecode.c.h; name = MDDish.h; path = Data/Model/MDDish.h; sourceTree = "<group>"; };
		3CE25EFC1A0B849E00DD249B /* MDDish.m */ = {isa = PBXFileReference; fileEncoding = 4; lastKnownFileType = sourcecode.c.objc; name = MDDish.m; path = Data/Model/MDDish.m; sourceTree = "<group>"; };
		3CE25EFE1A0B84BD00DD249B /* MDType.h */ = {isa = PBXFileReference; fileEncoding = 4; lastKnownFileType = sourcecode.c.h; name = MDType.h; path = Data/Model/MDType.h; sourceTree = "<group>"; };
		3CE25EFF1A0B84BD00DD249B /* MDType.m */ = {isa = PBXFileReference; fileEncoding = 4; lastKnownFileType = sourcecode.c.objc; name = MDType.m; path = Data/Model/MDType.m; sourceTree = "<group>"; };
		3CE25F041A0B860900DD249B /* DishCollectionViewCell.m */ = {isa = PBXFileReference; fileEncoding = 4; lastKnownFileType = sourcecode.c.objc; name = DishCollectionViewCell.m; path = ViewController/Menu/DishCollectionViewCell.m; sourceTree = "<group>"; };
		3CE25F051A0B860900DD249B /* DishCollectionViewCell.h */ = {isa = PBXFileReference; fileEncoding = 4; lastKnownFileType = sourcecode.c.h; name = DishCollectionViewCell.h; path = ViewController/Menu/DishCollectionViewCell.h; sourceTree = "<group>"; };
		3CE25F071A0BA56700DD249B /* MDMenu.h */ = {isa = PBXFileReference; fileEncoding = 4; lastKnownFileType = sourcecode.c.h; name = MDMenu.h; path = Data/Model/MDMenu.h; sourceTree = "<group>"; };
		3CE25F081A0BA56700DD249B /* MDMenu.m */ = {isa = PBXFileReference; fileEncoding = 4; lastKnownFileType = sourcecode.c.objc; name = MDMenu.m; path = Data/Model/MDMenu.m; sourceTree = "<group>"; };
		3CF8A4941A3871A8003FDD2A /* MDAppConfiguration.plist */ = {isa = PBXFileReference; fileEncoding = 4; lastKnownFileType = text.plist.xml; path = MDAppConfiguration.plist; sourceTree = "<group>"; };
		3CF8A4A71A3878DF003FDD2A /* FMDatabase.h */ = {isa = PBXFileReference; fileEncoding = 4; lastKnownFileType = sourcecode.c.h; name = FMDatabase.h; path = Diancai/Libraries/fmdb/FMDatabase.h; sourceTree = SOURCE_ROOT; };
		3CF8A4A81A3878DF003FDD2A /* FMDatabase.m */ = {isa = PBXFileReference; fileEncoding = 4; lastKnownFileType = sourcecode.c.objc; name = FMDatabase.m; path = Diancai/Libraries/fmdb/FMDatabase.m; sourceTree = SOURCE_ROOT; };
		3CF8A4A91A3878DF003FDD2A /* FMDatabaseAdditions.h */ = {isa = PBXFileReference; fileEncoding = 4; lastKnownFileType = sourcecode.c.h; name = FMDatabaseAdditions.h; path = Diancai/Libraries/fmdb/FMDatabaseAdditions.h; sourceTree = SOURCE_ROOT; };
		3CF8A4AA1A3878DF003FDD2A /* FMDatabaseAdditions.m */ = {isa = PBXFileReference; fileEncoding = 4; lastKnownFileType = sourcecode.c.objc; name = FMDatabaseAdditions.m; path = Diancai/Libraries/fmdb/FMDatabaseAdditions.m; sourceTree = SOURCE_ROOT; };
		3CF8A4AB1A3878DF003FDD2A /* FMDatabasePool.h */ = {isa = PBXFileReference; fileEncoding = 4; lastKnownFileType = sourcecode.c.h; name = FMDatabasePool.h; path = Diancai/Libraries/fmdb/FMDatabasePool.h; sourceTree = SOURCE_ROOT; };
		3CF8A4AC1A3878DF003FDD2A /* FMDatabasePool.m */ = {isa = PBXFileReference; fileEncoding = 4; lastKnownFileType = sourcecode.c.objc; name = FMDatabasePool.m; path = Diancai/Libraries/fmdb/FMDatabasePool.m; sourceTree = SOURCE_ROOT; };
		3CF8A4AD1A3878DF003FDD2A /* FMDatabaseQueue.h */ = {isa = PBXFileReference; fileEncoding = 4; lastKnownFileType = sourcecode.c.h; name = FMDatabaseQueue.h; path = Diancai/Libraries/fmdb/FMDatabaseQueue.h; sourceTree = SOURCE_ROOT; };
		3CF8A4AE1A3878DF003FDD2A /* FMDatabaseQueue.m */ = {isa = PBXFileReference; fileEncoding = 4; lastKnownFileType = sourcecode.c.objc; name = FMDatabaseQueue.m; path = Diancai/Libraries/fmdb/FMDatabaseQueue.m; sourceTree = SOURCE_ROOT; };
		3CF8A4AF1A3878DF003FDD2A /* FMDB.h */ = {isa = PBXFileReference; fileEncoding = 4; lastKnownFileType = sourcecode.c.h; name = FMDB.h; path = Diancai/Libraries/fmdb/FMDB.h; sourceTree = SOURCE_ROOT; };
		3CF8A4B01A3878DF003FDD2A /* FMResultSet.h */ = {isa = PBXFileReference; fileEncoding = 4; lastKnownFileType = sourcecode.c.h; name = FMResultSet.h; path = Diancai/Libraries/fmdb/FMResultSet.h; sourceTree = SOURCE_ROOT; };
		3CF8A4B11A3878DF003FDD2A /* FMResultSet.m */ = {isa = PBXFileReference; fileEncoding = 4; lastKnownFileType = sourcecode.c.objc; name = FMResultSet.m; path = Diancai/Libraries/fmdb/FMResultSet.m; sourceTree = SOURCE_ROOT; };
		3CF8A4B71A38795B003FDD2A /* libsqlite3.dylib */ = {isa = PBXFileReference; lastKnownFileType = "compiled.mach-o.dylib"; name = libsqlite3.dylib; path = usr/lib/libsqlite3.dylib; sourceTree = SDKROOT; };
		3CF8A4CE1A38979F003FDD2A /* SQLiteManager.h */ = {isa = PBXFileReference; fileEncoding = 4; lastKnownFileType = sourcecode.c.h; name = SQLiteManager.h; path = Data/SQLiteManager.h; sourceTree = "<group>"; };
		3CF8A4CF1A38979F003FDD2A /* SQLiteManager.m */ = {isa = PBXFileReference; fileEncoding = 4; lastKnownFileType = sourcecode.c.objc; name = SQLiteManager.m; path = Data/SQLiteManager.m; sourceTree = "<group>"; };
		3CF8A4D11A38CAAE003FDD2A /* MDUserCommand.h */ = {isa = PBXFileReference; fileEncoding = 4; lastKnownFileType = sourcecode.c.h; name = MDUserCommand.h; path = Data/MDUserCommand.h; sourceTree = "<group>"; };
		3CF8A4D21A38CAAE003FDD2A /* MDUserCommand.m */ = {isa = PBXFileReference; fileEncoding = 4; lastKnownFileType = sourcecode.c.objc; name = MDUserCommand.m; path = Data/MDUserCommand.m; sourceTree = "<group>"; };
		3CFE305219D53EF500210AD5 /* angry_birds_cake.jpg */ = {isa = PBXFileReference; lastKnownFileType = image.jpeg; name = angry_birds_cake.jpg; path = resource/image/angry_birds_cake.jpg; sourceTree = "<group>"; };
		3CFE305319D53EF500210AD5 /* creme_brelee.jpg */ = {isa = PBXFileReference; lastKnownFileType = image.jpeg; name = creme_brelee.jpg; path = resource/image/creme_brelee.jpg; sourceTree = "<group>"; };
		3CFE305419D53EF500210AD5 /* egg_benedict.jpg */ = {isa = PBXFileReference; lastKnownFileType = image.jpeg; name = egg_benedict.jpg; path = resource/image/egg_benedict.jpg; sourceTree = "<group>"; };
		3CFE305519D53EF500210AD5 /* full_breakfast.jpg */ = {isa = PBXFileReference; lastKnownFileType = image.jpeg; name = full_breakfast.jpg; path = resource/image/full_breakfast.jpg; sourceTree = "<group>"; };
		3CFE305619D53EF500210AD5 /* green_tea.jpg */ = {isa = PBXFileReference; lastKnownFileType = image.jpeg; name = green_tea.jpg; path = resource/image/green_tea.jpg; sourceTree = "<group>"; };
		3CFE305719D53EF500210AD5 /* ham_and_cheese_panini.jpg */ = {isa = PBXFileReference; lastKnownFileType = image.jpeg; name = ham_and_cheese_panini.jpg; path = resource/image/ham_and_cheese_panini.jpg; sourceTree = "<group>"; };
		3CFE305819D53EF500210AD5 /* ham_and_egg_sandwich.jpg */ = {isa = PBXFileReference; lastKnownFileType = image.jpeg; name = ham_and_egg_sandwich.jpg; path = resource/image/ham_and_egg_sandwich.jpg; sourceTree = "<group>"; };
		3CFE305919D53EF500210AD5 /* hamburger.jpg */ = {isa = PBXFileReference; lastKnownFileType = image.jpeg; name = hamburger.jpg; path = resource/image/hamburger.jpg; sourceTree = "<group>"; };
		3CFE305A19D53EF500210AD5 /* instant_noodle_with_egg.jpg */ = {isa = PBXFileReference; lastKnownFileType = image.jpeg; name = instant_noodle_with_egg.jpg; path = resource/image/instant_noodle_with_egg.jpg; sourceTree = "<group>"; };
		3CFE305B19D53EF500210AD5 /* japanese_noodle_with_pork.jpg */ = {isa = PBXFileReference; lastKnownFileType = image.jpeg; name = japanese_noodle_with_pork.jpg; path = resource/image/japanese_noodle_with_pork.jpg; sourceTree = "<group>"; };
		3CFE305C19D53EF500210AD5 /* mushroom_risotto.jpg */ = {isa = PBXFileReference; lastKnownFileType = image.jpeg; name = mushroom_risotto.jpg; path = resource/image/mushroom_risotto.jpg; sourceTree = "<group>"; };
		3CFE305D19D53EF500210AD5 /* noodle_with_bbq_pork.jpg */ = {isa = PBXFileReference; lastKnownFileType = image.jpeg; name = noodle_with_bbq_pork.jpg; path = resource/image/noodle_with_bbq_pork.jpg; sourceTree = "<group>"; };
		3CFE305E19D53EF500210AD5 /* starbucks_coffee.jpg */ = {isa = PBXFileReference; lastKnownFileType = image.jpeg; name = starbucks_coffee.jpg; path = resource/image/starbucks_coffee.jpg; sourceTree = "<group>"; };
		3CFE305F19D53EF500210AD5 /* thai_shrimp_cake.jpg */ = {isa = PBXFileReference; lastKnownFileType = image.jpeg; name = thai_shrimp_cake.jpg; path = resource/image/thai_shrimp_cake.jpg; sourceTree = "<group>"; };
		3CFE306019D53EF500210AD5 /* vegetable_curry.jpg */ = {isa = PBXFileReference; lastKnownFileType = image.jpeg; name = vegetable_curry.jpg; path = resource/image/vegetable_curry.jpg; sourceTree = "<group>"; };
		3CFE306119D53EF500210AD5 /* white_chocolate_donut.jpg */ = {isa = PBXFileReference; lastKnownFileType = image.jpeg; name = white_chocolate_donut.jpg; path = resource/image/white_chocolate_donut.jpg; sourceTree = "<group>"; };
		3CFE307219D53F6300210AD5 /* iCarousel.h */ = {isa = PBXFileReference; fileEncoding = 4; lastKnownFileType = sourcecode.c.h; name = iCarousel.h; path = resource/iCarousel/iCarousel.h; sourceTree = "<group>"; };
		3CFE307319D53F6300210AD5 /* iCarousel.m */ = {isa = PBXFileReference; fileEncoding = 4; lastKnownFileType = sourcecode.c.objc; name = iCarousel.m; path = resource/iCarousel/iCarousel.m; sourceTree = "<group>"; };
		3CFE307619D5537700210AD5 /* AppDelegate.h */ = {isa = PBXFileReference; fileEncoding = 4; lastKnownFileType = sourcecode.c.h; name = AppDelegate.h; path = AppDelegate/AppDelegate.h; sourceTree = "<group>"; };
		3CFE307719D5537700210AD5 /* AppDelegate.m */ = {isa = PBXFileReference; fileEncoding = 4; lastKnownFileType = sourcecode.c.objc; name = AppDelegate.m; path = AppDelegate/AppDelegate.m; sourceTree = "<group>"; };
		3CFE307A19D553CB00210AD5 /* MDMainViewController.m */ = {isa = PBXFileReference; fileEncoding = 4; lastKnownFileType = sourcecode.c.objc; name = MDMainViewController.m; path = ViewController/MDMainViewController.m; sourceTree = "<group>"; };
		3CFE307B19D553CB00210AD5 /* MDMainViewController.h */ = {isa = PBXFileReference; fileEncoding = 4; lastKnownFileType = sourcecode.c.h; name = MDMainViewController.h; path = ViewController/MDMainViewController.h; sourceTree = "<group>"; };
/* End PBXFileReference section */

/* Begin PBXFrameworksBuildPhase section */
		3CC8530919D0596800668F13 /* Frameworks */ = {
			isa = PBXFrameworksBuildPhase;
			buildActionMask = 2147483647;
			files = (
				3C8EFD581A66622A001F1B22 /* libz.dylib in Frameworks */,
				3C8EFD561A666222001F1B22 /* CoreGraphics.framework in Frameworks */,
				3C8EFD541A66621B001F1B22 /* MobileCoreServices.framework in Frameworks */,
				3C8EFD521A666212001F1B22 /* SystemConfiguration.framework in Frameworks */,
				3C8EFD501A666203001F1B22 /* CFNetwork.framework in Frameworks */,
				3CF8A4B81A38795B003FDD2A /* libsqlite3.dylib in Frameworks */,
			);
			runOnlyForDeploymentPostprocessing = 0;
		};
		3CC8532219D0596900668F13 /* Frameworks */ = {
			isa = PBXFrameworksBuildPhase;
			buildActionMask = 2147483647;
			files = (
			);
			runOnlyForDeploymentPostprocessing = 0;
		};
/* End PBXFrameworksBuildPhase section */

/* Begin PBXGroup section */
		3C1E6EB919D1C207007ADBB0 /* Menu */ = {
			isa = PBXGroup;
			children = (
				3C1E6EEA19D21B6F007ADBB0 /* Cell */,
				3C1E6EE719D21B40007ADBB0 /* MDMenuViewController.h */,
				3C1E6EE819D21B40007ADBB0 /* MDMenuViewController.m */,
				3CCD8DC819E1CDBC00F43497 /* MDDishView.h */,
				3CCD8DC919E1CDBC00F43497 /* MDDishView.m */,
				3CDCE5471A01B3A10074923C /* MDDishPopoverControllerViewController.h */,
				3CDCE5481A01B3A10074923C /* MDDishPopoverControllerViewController.m */,
				3CD8209D1A11778C0024823C /* MDDishPopoverControllerViewController.xib */,
				3CD820B61A1295170024823C /* MDFirstMenuTableController.h */,
				3CD820B71A1295170024823C /* MDFirstMenuTableController.m */,
				3C731B901A2F711A00356747 /* ListCommande */,
			);
			name = Menu;
			sourceTree = "<group>";
		};
		3C1E6EC619D21A82007ADBB0 /* Resource */ = {
			isa = PBXGroup;
			children = (
				3CFE305119D53E7500210AD5 /* image */,
			);
			name = Resource;
			sourceTree = "<group>";
		};
		3C1E6EEA19D21B6F007ADBB0 /* Cell */ = {
			isa = PBXGroup;
			children = (
				3CE25F051A0B860900DD249B /* DishCollectionViewCell.h */,
				3CE25F041A0B860900DD249B /* DishCollectionViewCell.m */,
				3CD820961A1174D40024823C /* DishCollectionViewCell.xib */,
				3CD820AE1A1292C90024823C /* MDFirstMenuTableCell.h */,
				3CD820AF1A1292C90024823C /* MDFirstMenuTableCell.m */,
				3CD820BB1A12A0480024823C /* MDFirstMenuTableCell.xib */,
			);
			name = Cell;
			sourceTree = "<group>";
		};
		3C5C72FE1A6E686500B4CB86 /* AFNetworking */ = {
			isa = PBXGroup;
			children = (
				3C5C73191A6E68A800B4CB86 /* AFHTTPRequestOperation.h */,
				3C5C731A1A6E68A800B4CB86 /* AFHTTPRequestOperation.m */,
				3C5C731B1A6E68A800B4CB86 /* AFHTTPRequestOperationManager.h */,
				3C5C731C1A6E68A800B4CB86 /* AFHTTPRequestOperationManager.m */,
				3C5C731D1A6E68A800B4CB86 /* AFHTTPSessionManager.h */,
				3C5C731E1A6E68A800B4CB86 /* AFHTTPSessionManager.m */,
				3C5C731F1A6E68A800B4CB86 /* AFNetworking.h */,
				3C5C73201A6E68A800B4CB86 /* AFNetworkReachabilityManager.h */,
				3C5C73211A6E68A800B4CB86 /* AFNetworkReachabilityManager.m */,
				3C5C73221A6E68A800B4CB86 /* AFSecurityPolicy.h */,
				3C5C73231A6E68A800B4CB86 /* AFSecurityPolicy.m */,
				3C5C73241A6E68A800B4CB86 /* AFURLConnectionOperation.h */,
				3C5C73251A6E68A800B4CB86 /* AFURLConnectionOperation.m */,
				3C5C73261A6E68A800B4CB86 /* AFURLRequestSerialization.h */,
				3C5C73271A6E68A800B4CB86 /* AFURLRequestSerialization.m */,
				3C5C73281A6E68A800B4CB86 /* AFURLResponseSerialization.h */,
				3C5C73291A6E68A800B4CB86 /* AFURLResponseSerialization.m */,
				3C5C732A1A6E68A800B4CB86 /* AFURLSessionManager.h */,
				3C5C732B1A6E68A800B4CB86 /* AFURLSessionManager.m */,
			);
			name = AFNetworking;
			sourceTree = "<group>";
		};
		3C5C72FF1A6E687A00B4CB86 /* UIKit+AFNetworking */ = {
			isa = PBXGroup;
			children = (
				3C5C73001A6E689000B4CB86 /* AFNetworkActivityIndicatorManager.h */,
				3C5C73011A6E689000B4CB86 /* AFNetworkActivityIndicatorManager.m */,
				3C5C73021A6E689000B4CB86 /* UIActivityIndicatorView+AFNetworking.h */,
				3C5C73031A6E689000B4CB86 /* UIActivityIndicatorView+AFNetworking.m */,
				3C5C73041A6E689000B4CB86 /* UIAlertView+AFNetworking.h */,
				3C5C73051A6E689000B4CB86 /* UIAlertView+AFNetworking.m */,
				3C5C73061A6E689000B4CB86 /* UIButton+AFNetworking.h */,
				3C5C73071A6E689000B4CB86 /* UIButton+AFNetworking.m */,
				3C5C73081A6E689000B4CB86 /* UIImageView+AFNetworking.h */,
				3C5C73091A6E689000B4CB86 /* UIImageView+AFNetworking.m */,
				3C5C730A1A6E689000B4CB86 /* UIKit+AFNetworking.h */,
				3C5C730B1A6E689000B4CB86 /* UIProgressView+AFNetworking.h */,
				3C5C730C1A6E689000B4CB86 /* UIProgressView+AFNetworking.m */,
				3C5C730D1A6E689000B4CB86 /* UIRefreshControl+AFNetworking.h */,
				3C5C730E1A6E689000B4CB86 /* UIRefreshControl+AFNetworking.m */,
				3C5C730F1A6E689000B4CB86 /* UIWebView+AFNetworking.h */,
				3C5C73101A6E689000B4CB86 /* UIWebView+AFNetworking.m */,
			);
			name = "UIKit+AFNetworking";
			sourceTree = "<group>";
		};
		3C731B901A2F711A00356747 /* ListCommande */ = {
			isa = PBXGroup;
			children = (
				3C731B921A2F743700356747 /* MDListCommandViewController.h */,
				3C731B931A2F743700356747 /* MDListCommandViewController.m */,
				3C731B941A2F743700356747 /* MDListCommandViewController.xib */,
				3C731B911A2F714C00356747 /* Cell */,
				3C731B9C1A2F85C700356747 /* MDListCommandController.h */,
				3C731B9D1A2F85C700356747 /* MDListCommandController.m */,
			);
			name = ListCommande;
			sourceTree = "<group>";
		};
		3C731B911A2F714C00356747 /* Cell */ = {
			isa = PBXGroup;
			children = (
				3C731B971A2F747A00356747 /* MDListCommandCell.h */,
				3C731B981A2F747A00356747 /* MDListCommandCell.m */,
				3C731B991A2F747A00356747 /* MDListCommandCell.xib */,
			);
			name = Cell;
			sourceTree = "<group>";
		};
		3CC8530319D0596800668F13 = {
			isa = PBXGroup;
			children = (
				3C58D70E1A6E858E00847FF7 /* database.sqlite */,
				3CC8530E19D0596800668F13 /* Diancai */,
				3CC8532819D0596900668F13 /* DiancaiTests */,
				3CC8530D19D0596800668F13 /* Products */,
			);
			sourceTree = "<group>";
		};
		3CC8530D19D0596800668F13 /* Products */ = {
			isa = PBXGroup;
			children = (
				3CC8530C19D0596800668F13 /* Diancai.app */,
				3CC8532519D0596900668F13 /* DiancaiTests.xctest */,
			);
			name = Products;
			sourceTree = "<group>";
		};
		3CC8530E19D0596800668F13 /* Diancai */ = {
			isa = PBXGroup;
			children = (
				3CE25EF41A0B80C200DD249B /* Data */,
				3CD70F541A0AC53300BDA022 /* Libraries */,
				3CFE307D19D5565300210AD5 /* Helper */,
				3CFE307919D5538500210AD5 /* AppDelegate */,
				3C1E6EC619D21A82007ADBB0 /* Resource */,
				3CC8533B19D059C300668F13 /* ViewController */,
				3CC8531919D0596900668F13 /* Main.storyboard */,
				3CC8531C19D0596900668F13 /* Images.xcassets */,
				3CC8531E19D0596900668F13 /* LaunchScreen.xib */,
				3CC8530F19D0596900668F13 /* Supporting Files */,
			);
			path = Diancai;
			sourceTree = "<group>";
		};
		3CC8530F19D0596900668F13 /* Supporting Files */ = {
			isa = PBXGroup;
			children = (
				3CC8531019D0596900668F13 /* Info.plist */,
				3CC8531119D0596900668F13 /* main.m */,
				3CF8A4941A3871A8003FDD2A /* MDAppConfiguration.plist */,
			);
			name = "Supporting Files";
			sourceTree = "<group>";
		};
		3CC8532819D0596900668F13 /* DiancaiTests */ = {
			isa = PBXGroup;
			children = (
				3C9452061A5C1C92006FD841 /* DBMenuTest.m */,
				3CC8532B19D0596900668F13 /* DiancaiTests.m */,
				3CC8532919D0596900668F13 /* Supporting Files */,
			);
			path = DiancaiTests;
			sourceTree = "<group>";
		};
		3CC8532919D0596900668F13 /* Supporting Files */ = {
			isa = PBXGroup;
			children = (
				3CC8532A19D0596900668F13 /* Info.plist */,
			);
			name = "Supporting Files";
			sourceTree = "<group>";
		};
		3CC8533B19D059C300668F13 /* ViewController */ = {
			isa = PBXGroup;
			children = (
				3CFE307B19D553CB00210AD5 /* MDMainViewController.h */,
				3CFE307A19D553CB00210AD5 /* MDMainViewController.m */,
				3C1E6EB919D1C207007ADBB0 /* Menu */,
				3C3551701A658337008B5EF2 /* MDSettingViewController.h */,
				3C3551711A658337008B5EF2 /* MDSettingViewController.m */,
			);
			name = ViewController;
			sourceTree = "<group>";
		};
		3CCD8DBB19E1CCDC00F43497 /* PSCollectionView */ = {
			isa = PBXGroup;
			children = (
				3CCD8DC219E1CD7B00F43497 /* PSCollectionView.h */,
				3CCD8DC319E1CD7B00F43497 /* PSCollectionView.m */,
				3CCD8DC419E1CD7B00F43497 /* PSCollectionViewCell.h */,
				3CCD8DC519E1CD7B00F43497 /* PSCollectionViewCell.m */,
			);
			name = PSCollectionView;
			sourceTree = "<group>";
		};
		3CD70F531A0AC37900BDA022 /* Model */ = {
			isa = PBXGroup;
			children = (
				3CE25EF51A0B838E00DD249B /* MDActivicy.h */,
				3CE25EF61A0B838E00DD249B /* MDActivicy.m */,
				3CE25EF81A0B848900DD249B /* MDCommand.h */,
				3CE25EF91A0B848900DD249B /* MDCommand.m */,
				3CE25EFB1A0B849E00DD249B /* MDDish.h */,
				3CE25EFC1A0B849E00DD249B /* MDDish.m */,
				3CE25EFE1A0B84BD00DD249B /* MDType.h */,
				3CE25EFF1A0B84BD00DD249B /* MDType.m */,
				3CE25F071A0BA56700DD249B /* MDMenu.h */,
				3CE25F081A0BA56700DD249B /* MDMenu.m */,
			);
			name = Model;
			sourceTree = "<group>";
		};
		3CD70F541A0AC53300BDA022 /* Libraries */ = {
			isa = PBXGroup;
			children = (
				3C8EFD571A66622A001F1B22 /* libz.dylib */,
				3C8EFD551A666222001F1B22 /* CoreGraphics.framework */,
				3C8EFD531A66621B001F1B22 /* MobileCoreServices.framework */,
				3C8EFD511A666212001F1B22 /* SystemConfiguration.framework */,
				3C8EFD4F1A666203001F1B22 /* CFNetwork.framework */,
				3C5C72FF1A6E687A00B4CB86 /* UIKit+AFNetworking */,
				3C5C72FE1A6E686500B4CB86 /* AFNetworking */,
				3CF8A4B71A38795B003FDD2A /* libsqlite3.dylib */,
				3CF8A4961A387825003FDD2A /* fmdb */,
				3CFE307E19D5567300210AD5 /* SegmentControl */,
				3CFE307519D53F6D00210AD5 /* iCarousel */,
				3CCD8DBB19E1CCDC00F43497 /* PSCollectionView */,
			);
			name = Libraries;
			sourceTree = "<group>";
		};
		3CE25EF41A0B80C200DD249B /* Data */ = {
			isa = PBXGroup;
			children = (
				3CF8A4CD1A389739003FDD2A /* Repository */,
				3CD70F531A0AC37900BDA022 /* Model */,
				3CF8A4CE1A38979F003FDD2A /* SQLiteManager.h */,
				3CF8A4CF1A38979F003FDD2A /* SQLiteManager.m */,
				3CF8A4D11A38CAAE003FDD2A /* MDUserCommand.h */,
				3CF8A4D21A38CAAE003FDD2A /* MDUserCommand.m */,
				3C9452001A5C196F006FD841 /* MDFirstMenu.h */,
				3C9452011A5C196F006FD841 /* MDFirstMenu.m */,
				3C9452031A5C198D006FD841 /* MDSecondMenu.h */,
				3C9452041A5C198D006FD841 /* MDSecondMenu.m */,
			);
			name = Data;
			sourceTree = "<group>";
		};
		3CF8A4961A387825003FDD2A /* fmdb */ = {
			isa = PBXGroup;
			children = (
				3CF8A4A71A3878DF003FDD2A /* FMDatabase.h */,
				3CF8A4A81A3878DF003FDD2A /* FMDatabase.m */,
				3CF8A4A91A3878DF003FDD2A /* FMDatabaseAdditions.h */,
				3CF8A4AA1A3878DF003FDD2A /* FMDatabaseAdditions.m */,
				3CF8A4AB1A3878DF003FDD2A /* FMDatabasePool.h */,
				3CF8A4AC1A3878DF003FDD2A /* FMDatabasePool.m */,
				3CF8A4AD1A3878DF003FDD2A /* FMDatabaseQueue.h */,
				3CF8A4AE1A3878DF003FDD2A /* FMDatabaseQueue.m */,
				3CF8A4AF1A3878DF003FDD2A /* FMDB.h */,
				3CF8A4B01A3878DF003FDD2A /* FMResultSet.h */,
				3CF8A4B11A3878DF003FDD2A /* FMResultSet.m */,
			);
			path = fmdb;
			sourceTree = "<group>";
		};
		3CF8A4CD1A389739003FDD2A /* Repository */ = {
			isa = PBXGroup;
			children = (
			);
			name = Repository;
			sourceTree = "<group>";
		};
		3CFE305119D53E7500210AD5 /* image */ = {
			isa = PBXGroup;
			children = (
				3CFE305219D53EF500210AD5 /* angry_birds_cake.jpg */,
				3CFE305319D53EF500210AD5 /* creme_brelee.jpg */,
				3CFE305419D53EF500210AD5 /* egg_benedict.jpg */,
				3CFE305519D53EF500210AD5 /* full_breakfast.jpg */,
				3CFE305619D53EF500210AD5 /* green_tea.jpg */,
				3CFE305719D53EF500210AD5 /* ham_and_cheese_panini.jpg */,
				3CFE305819D53EF500210AD5 /* ham_and_egg_sandwich.jpg */,
				3CFE305919D53EF500210AD5 /* hamburger.jpg */,
				3CFE305A19D53EF500210AD5 /* instant_noodle_with_egg.jpg */,
				3CFE305B19D53EF500210AD5 /* japanese_noodle_with_pork.jpg */,
				3CFE305C19D53EF500210AD5 /* mushroom_risotto.jpg */,
				3CFE305D19D53EF500210AD5 /* noodle_with_bbq_pork.jpg */,
				3CFE305E19D53EF500210AD5 /* starbucks_coffee.jpg */,
				3CFE305F19D53EF500210AD5 /* thai_shrimp_cake.jpg */,
				3CFE306019D53EF500210AD5 /* vegetable_curry.jpg */,
				3CFE306119D53EF500210AD5 /* white_chocolate_donut.jpg */,
			);
			name = image;
			sourceTree = "<group>";
		};
		3CFE307519D53F6D00210AD5 /* iCarousel */ = {
			isa = PBXGroup;
			children = (
				3CFE307219D53F6300210AD5 /* iCarousel.h */,
				3CFE307319D53F6300210AD5 /* iCarousel.m */,
			);
			name = iCarousel;
			sourceTree = "<group>";
		};
		3CFE307919D5538500210AD5 /* AppDelegate */ = {
			isa = PBXGroup;
			children = (
				3CFE307619D5537700210AD5 /* AppDelegate.h */,
				3CFE307719D5537700210AD5 /* AppDelegate.m */,
			);
			name = AppDelegate;
			sourceTree = "<group>";
		};
		3CFE307D19D5565300210AD5 /* Helper */ = {
			isa = PBXGroup;
			children = (
				3C35516D1A655552008B5EF2 /* MDMenuHelper.h */,
				3C35516E1A655552008B5EF2 /* MDMenuHelper.m */,
			);
			name = Helper;
			sourceTree = "<group>";
		};
		3CFE307E19D5567300210AD5 /* SegmentControl */ = {
			isa = PBXGroup;
			children = (
				3CD70F551A0AC56B00BDA022 /* XTSegmentControl.h */,
				3CD70F561A0AC56B00BDA022 /* XTSegmentControl.m */,
			);
			name = SegmentControl;
			sourceTree = "<group>";
		};
/* End PBXGroup section */

/* Begin PBXNativeTarget section */
		3CC8530B19D0596800668F13 /* Diancai */ = {
			isa = PBXNativeTarget;
			buildConfigurationList = 3CC8532F19D0596900668F13 /* Build configuration list for PBXNativeTarget "Diancai" */;
			buildPhases = (
				3CC8530819D0596800668F13 /* Sources */,
				3CC8530919D0596800668F13 /* Frameworks */,
				3CC8530A19D0596800668F13 /* Resources */,
			);
			buildRules = (
			);
			dependencies = (
			);
			name = Diancai;
			productName = Diancai;
			productReference = 3CC8530C19D0596800668F13 /* Diancai.app */;
			productType = "com.apple.product-type.application";
		};
		3CC8532419D0596900668F13 /* DiancaiTests */ = {
			isa = PBXNativeTarget;
			buildConfigurationList = 3CC8533219D0596900668F13 /* Build configuration list for PBXNativeTarget "DiancaiTests" */;
			buildPhases = (
				3CC8532119D0596900668F13 /* Sources */,
				3CC8532219D0596900668F13 /* Frameworks */,
				3CC8532319D0596900668F13 /* Resources */,
			);
			buildRules = (
			);
			dependencies = (
				3CC8532719D0596900668F13 /* PBXTargetDependency */,
			);
			name = DiancaiTests;
			productName = DiancaiTests;
			productReference = 3CC8532519D0596900668F13 /* DiancaiTests.xctest */;
			productType = "com.apple.product-type.bundle.unit-test";
		};
/* End PBXNativeTarget section */

/* Begin PBXProject section */
		3CC8530419D0596800668F13 /* Project object */ = {
			isa = PBXProject;
			attributes = {
				LastUpgradeCheck = 0600;
				ORGANIZATIONNAME = Xiaojun;
				TargetAttributes = {
					3CC8530B19D0596800668F13 = {
						CreatedOnToolsVersion = 6.0.1;
					};
					3CC8532419D0596900668F13 = {
						CreatedOnToolsVersion = 6.0.1;
						TestTargetID = 3CC8530B19D0596800668F13;
					};
				};
			};
			buildConfigurationList = 3CC8530719D0596800668F13 /* Build configuration list for PBXProject "Diancai" */;
			compatibilityVersion = "Xcode 3.2";
			developmentRegion = English;
			hasScannedForEncodings = 0;
			knownRegions = (
				en,
				Base,
				fr,
				"zh-Hans",
			);
			mainGroup = 3CC8530319D0596800668F13;
			productRefGroup = 3CC8530D19D0596800668F13 /* Products */;
			projectDirPath = "";
			projectRoot = "";
			targets = (
				3CC8530B19D0596800668F13 /* Diancai */,
				3CC8532419D0596900668F13 /* DiancaiTests */,
			);
		};
/* End PBXProject section */

/* Begin PBXResourcesBuildPhase section */
		3CC8530A19D0596800668F13 /* Resources */ = {
			isa = PBXResourcesBuildPhase;
			buildActionMask = 2147483647;
			files = (
				3CFE306E19D53EF500210AD5 /* starbucks_coffee.jpg in Resources */,
				3CFE306919D53EF500210AD5 /* hamburger.jpg in Resources */,
				3C731B9B1A2F747A00356747 /* MDListCommandCell.xib in Resources */,
				3CFE306419D53EF500210AD5 /* egg_benedict.jpg in Resources */,
				3CC8531B19D0596900668F13 /* Main.storyboard in Resources */,
				3CC8532019D0596900668F13 /* LaunchScreen.xib in Resources */,
				3CFE307119D53EF500210AD5 /* white_chocolate_donut.jpg in Resources */,
				3CFE306A19D53EF500210AD5 /* instant_noodle_with_egg.jpg in Resources */,
				3CF8A4951A3871A8003FDD2A /* MDAppConfiguration.plist in Resources */,
				3CFE306619D53EF500210AD5 /* green_tea.jpg in Resources */,
				3CC8531D19D0596900668F13 /* Images.xcassets in Resources */,
				3CD8209B1A11778C0024823C /* MDDishPopoverControllerViewController.xib in Resources */,
				3CFE307019D53EF500210AD5 /* vegetable_curry.jpg in Resources */,
				3CD820B91A12A0480024823C /* MDFirstMenuTableCell.xib in Resources */,
				3CFE306B19D53EF500210AD5 /* japanese_noodle_with_pork.jpg in Resources */,
				3CFE306D19D53EF500210AD5 /* noodle_with_bbq_pork.jpg in Resources */,
				3CFE306F19D53EF500210AD5 /* thai_shrimp_cake.jpg in Resources */,
				3CFE306519D53EF500210AD5 /* full_breakfast.jpg in Resources */,
				3C58D70F1A6E858E00847FF7 /* database.sqlite in Resources */,
				3CD820941A1174D40024823C /* DishCollectionViewCell.xib in Resources */,
				3CFE306819D53EF500210AD5 /* ham_and_egg_sandwich.jpg in Resources */,
				3CFE306C19D53EF500210AD5 /* mushroom_risotto.jpg in Resources */,
				3CFE306219D53EF500210AD5 /* angry_birds_cake.jpg in Resources */,
				3CFE306719D53EF500210AD5 /* ham_and_cheese_panini.jpg in Resources */,
				3C731B961A2F743700356747 /* MDListCommandViewController.xib in Resources */,
				3CFE306319D53EF500210AD5 /* creme_brelee.jpg in Resources */,
			);
			runOnlyForDeploymentPostprocessing = 0;
		};
		3CC8532319D0596900668F13 /* Resources */ = {
			isa = PBXResourcesBuildPhase;
			buildActionMask = 2147483647;
			files = (
			);
			runOnlyForDeploymentPostprocessing = 0;
		};
/* End PBXResourcesBuildPhase section */

/* Begin PBXSourcesBuildPhase section */
		3CC8530819D0596800668F13 /* Sources */ = {
			isa = PBXSourcesBuildPhase;
			buildActionMask = 2147483647;
			files = (
				3C5C73161A6E689000B4CB86 /* UIProgressView+AFNetworking.m in Sources */,
				3C731B9E1A2F85C700356747 /* MDListCommandController.m in Sources */,
				3C5C73171A6E689000B4CB86 /* UIRefreshControl+AFNetworking.m in Sources */,
				3CE25EF71A0B838E00DD249B /* MDActivicy.m in Sources */,
				3CE25F001A0B84BD00DD249B /* MDType.m in Sources */,
				3C5C73341A6E68A800B4CB86 /* AFURLSessionManager.m in Sources */,
				3C731B9A1A2F747A00356747 /* MDListCommandCell.m in Sources */,
				3C5C73131A6E689000B4CB86 /* UIAlertView+AFNetworking.m in Sources */,
				3C5C73151A6E689000B4CB86 /* UIImageView+AFNetworking.m in Sources */,
				3CD70F571A0AC56B00BDA022 /* XTSegmentControl.m in Sources */,
				3C5C73301A6E68A800B4CB86 /* AFSecurityPolicy.m in Sources */,
				3CFE307C19D553CB00210AD5 /* MDMainViewController.m in Sources */,
				3C5C732F1A6E68A800B4CB86 /* AFNetworkReachabilityManager.m in Sources */,
				3CF8A4B61A3878DF003FDD2A /* FMResultSet.m in Sources */,
				3CDCE54A1A01B3A10074923C /* MDDishPopoverControllerViewController.m in Sources */,
				3CCD8DCA19E1CDBC00F43497 /* MDDishView.m in Sources */,
				3C5C73141A6E689000B4CB86 /* UIButton+AFNetworking.m in Sources */,
				3CCD8DC619E1CD7B00F43497 /* PSCollectionView.m in Sources */,
				3CF8A4B21A3878DF003FDD2A /* FMDatabase.m in Sources */,
				3CF8A4B51A3878DF003FDD2A /* FMDatabaseQueue.m in Sources */,
				3CF8A4B31A3878DF003FDD2A /* FMDatabaseAdditions.m in Sources */,
				3C5C732C1A6E68A800B4CB86 /* AFHTTPRequestOperation.m in Sources */,
				3CFE307819D5537700210AD5 /* AppDelegate.m in Sources */,
				3CE25F061A0B860900DD249B /* DishCollectionViewCell.m in Sources */,
				3C5C73331A6E68A800B4CB86 /* AFURLResponseSerialization.m in Sources */,
				3C3551721A658337008B5EF2 /* MDSettingViewController.m in Sources */,
				3CF8A4B41A3878DF003FDD2A /* FMDatabasePool.m in Sources */,
				3CE25F091A0BA56700DD249B /* MDMenu.m in Sources */,
				3C35516F1A655552008B5EF2 /* MDMenuHelper.m in Sources */,
				3CC8531219D0596900668F13 /* main.m in Sources */,
				3C5C732D1A6E68A800B4CB86 /* AFHTTPRequestOperationManager.m in Sources */,
				3C5C73111A6E689000B4CB86 /* AFNetworkActivityIndicatorManager.m in Sources */,
				3CD820B81A1295170024823C /* MDFirstMenuTableController.m in Sources */,
				3CFE307419D53F6300210AD5 /* iCarousel.m in Sources */,
				3C9452021A5C196F006FD841 /* MDFirstMenu.m in Sources */,
				3CE25EFD1A0B849E00DD249B /* MDDish.m in Sources */,
				3C1E6EE919D21B40007ADBB0 /* MDMenuViewController.m in Sources */,
				3C731B951A2F743700356747 /* MDListCommandViewController.m in Sources */,
				3C5C73181A6E689000B4CB86 /* UIWebView+AFNetworking.m in Sources */,
				3C5C73121A6E689000B4CB86 /* UIActivityIndicatorView+AFNetworking.m in Sources */,
				3C5C73311A6E68A800B4CB86 /* AFURLConnectionOperation.m in Sources */,
				3CCD8DC719E1CD7B00F43497 /* PSCollectionViewCell.m in Sources */,
				3C5C73321A6E68A800B4CB86 /* AFURLRequestSerialization.m in Sources */,
				3CE25EFA1A0B848900DD249B /* MDCommand.m in Sources */,
				3CF8A4D31A38CAAE003FDD2A /* MDUserCommand.m in Sources */,
				3CD820B11A1292C90024823C /* MDFirstMenuTableCell.m in Sources */,
				3CF8A4D01A38979F003FDD2A /* SQLiteManager.m in Sources */,
				3C9452051A5C198D006FD841 /* MDSecondMenu.m in Sources */,
				3C5C732E1A6E68A800B4CB86 /* AFHTTPSessionManager.m in Sources */,
			);
			runOnlyForDeploymentPostprocessing = 0;
		};
		3CC8532119D0596900668F13 /* Sources */ = {
			isa = PBXSourcesBuildPhase;
			buildActionMask = 2147483647;
			files = (
				3C9452071A5C1C92006FD841 /* DBMenuTest.m in Sources */,
				3CC8532C19D0596900668F13 /* DiancaiTests.m in Sources */,
			);
			runOnlyForDeploymentPostprocessing = 0;
		};
/* End PBXSourcesBuildPhase section */

/* Begin PBXTargetDependency section */
		3CC8532719D0596900668F13 /* PBXTargetDependency */ = {
			isa = PBXTargetDependency;
			target = 3CC8530B19D0596800668F13 /* Diancai */;
			targetProxy = 3CC8532619D0596900668F13 /* PBXContainerItemProxy */;
		};
/* End PBXTargetDependency section */

/* Begin PBXVariantGroup section */
		3CC8531919D0596900668F13 /* Main.storyboard */ = {
			isa = PBXVariantGroup;
			children = (
				3CC8531A19D0596900668F13 /* Base */,
				3C156A021A115C8000ABF5D1 /* fr */,
				3CD820921A11628C0024823C /* zh-Hans */,
			);
			name = Main.storyboard;
			sourceTree = "<group>";
		};
		3CC8531E19D0596900668F13 /* LaunchScreen.xib */ = {
			isa = PBXVariantGroup;
			children = (
				3CC8531F19D0596900668F13 /* Base */,
				3C156A031A115C8000ABF5D1 /* fr */,
				3CD820931A11628C0024823C /* zh-Hans */,
			);
			name = LaunchScreen.xib;
			sourceTree = "<group>";
		};
		3CD820961A1174D40024823C /* DishCollectionViewCell.xib */ = {
			isa = PBXVariantGroup;
			children = (
				3CD820951A1174D40024823C /* Base */,
				3CD820981A1174DE0024823C /* fr */,
				3CD8209A1A1174DF0024823C /* zh-Hans */,
			);
			name = DishCollectionViewCell.xib;
			path = ViewController/Menu/Cell;
			sourceTree = "<group>";
		};
		3CD8209D1A11778C0024823C /* MDDishPopoverControllerViewController.xib */ = {
			isa = PBXVariantGroup;
			children = (
				3CD8209C1A11778C0024823C /* Base */,
				3CD820AB1A123F220024823C /* fr */,
				3CD820AD1A123F250024823C /* zh-Hans */,
			);
			name = MDDishPopoverControllerViewController.xib;
			path = ViewController/Menu;
			sourceTree = "<group>";
		};
		3CD820BB1A12A0480024823C /* MDFirstMenuTableCell.xib */ = {
			isa = PBXVariantGroup;
			children = (
				3CD820BA1A12A0480024823C /* Base */,
				3CD820BD1A12A04B0024823C /* fr */,
				3CD820BF1A12A04B0024823C /* zh-Hans */,
			);
			name = MDFirstMenuTableCell.xib;
			path = ViewController/Menu/Cell;
			sourceTree = "<group>";
		};
/* End PBXVariantGroup section */

/* Begin XCBuildConfiguration section */
		3CC8532D19D0596900668F13 /* Debug */ = {
			isa = XCBuildConfiguration;
			buildSettings = {
				ALWAYS_SEARCH_USER_PATHS = NO;
				CLANG_CXX_LANGUAGE_STANDARD = "gnu++0x";
				CLANG_CXX_LIBRARY = "libc++";
				CLANG_ENABLE_MODULES = YES;
				CLANG_ENABLE_OBJC_ARC = YES;
				CLANG_WARN_BOOL_CONVERSION = YES;
				CLANG_WARN_CONSTANT_CONVERSION = YES;
				CLANG_WARN_DIRECT_OBJC_ISA_USAGE = YES_ERROR;
				CLANG_WARN_EMPTY_BODY = YES;
				CLANG_WARN_ENUM_CONVERSION = YES;
				CLANG_WARN_INT_CONVERSION = YES;
				CLANG_WARN_OBJC_ROOT_CLASS = YES_ERROR;
				CLANG_WARN_UNREACHABLE_CODE = YES;
				CLANG_WARN__DUPLICATE_METHOD_MATCH = YES;
				"CODE_SIGN_IDENTITY[sdk=iphoneos*]" = "iPhone Developer";
				COPY_PHASE_STRIP = NO;
				ENABLE_STRICT_OBJC_MSGSEND = YES;
				GCC_C_LANGUAGE_STANDARD = gnu99;
				GCC_DYNAMIC_NO_PIC = NO;
				GCC_OPTIMIZATION_LEVEL = 0;
				GCC_PREPROCESSOR_DEFINITIONS = (
					"DEBUG=1",
					"$(inherited)",
				);
				GCC_SYMBOLS_PRIVATE_EXTERN = NO;
				GCC_WARN_64_TO_32_BIT_CONVERSION = YES;
				GCC_WARN_ABOUT_RETURN_TYPE = YES_ERROR;
				GCC_WARN_UNDECLARED_SELECTOR = YES;
				GCC_WARN_UNINITIALIZED_AUTOS = YES_AGGRESSIVE;
				GCC_WARN_UNUSED_FUNCTION = YES;
				GCC_WARN_UNUSED_VARIABLE = YES;
				IPHONEOS_DEPLOYMENT_TARGET = 8.0;
				MTL_ENABLE_DEBUG_INFO = YES;
				ONLY_ACTIVE_ARCH = YES;
				SDKROOT = iphoneos;
				TARGETED_DEVICE_FAMILY = 2;
			};
			name = Debug;
		};
		3CC8532E19D0596900668F13 /* Release */ = {
			isa = XCBuildConfiguration;
			buildSettings = {
				ALWAYS_SEARCH_USER_PATHS = NO;
				CLANG_CXX_LANGUAGE_STANDARD = "gnu++0x";
				CLANG_CXX_LIBRARY = "libc++";
				CLANG_ENABLE_MODULES = YES;
				CLANG_ENABLE_OBJC_ARC = YES;
				CLANG_WARN_BOOL_CONVERSION = YES;
				CLANG_WARN_CONSTANT_CONVERSION = YES;
				CLANG_WARN_DIRECT_OBJC_ISA_USAGE = YES_ERROR;
				CLANG_WARN_EMPTY_BODY = YES;
				CLANG_WARN_ENUM_CONVERSION = YES;
				CLANG_WARN_INT_CONVERSION = YES;
				CLANG_WARN_OBJC_ROOT_CLASS = YES_ERROR;
				CLANG_WARN_UNREACHABLE_CODE = YES;
				CLANG_WARN__DUPLICATE_METHOD_MATCH = YES;
				"CODE_SIGN_IDENTITY[sdk=iphoneos*]" = "iPhone Developer";
				COPY_PHASE_STRIP = YES;
				ENABLE_NS_ASSERTIONS = NO;
				ENABLE_STRICT_OBJC_MSGSEND = YES;
				GCC_C_LANGUAGE_STANDARD = gnu99;
				GCC_WARN_64_TO_32_BIT_CONVERSION = YES;
				GCC_WARN_ABOUT_RETURN_TYPE = YES_ERROR;
				GCC_WARN_UNDECLARED_SELECTOR = YES;
				GCC_WARN_UNINITIALIZED_AUTOS = YES_AGGRESSIVE;
				GCC_WARN_UNUSED_FUNCTION = YES;
				GCC_WARN_UNUSED_VARIABLE = YES;
				IPHONEOS_DEPLOYMENT_TARGET = 8.0;
				MTL_ENABLE_DEBUG_INFO = NO;
				SDKROOT = iphoneos;
				TARGETED_DEVICE_FAMILY = 2;
				VALIDATE_PRODUCT = YES;
			};
			name = Release;
		};
		3CC8533019D0596900668F13 /* Debug */ = {
			isa = XCBuildConfiguration;
			buildSettings = {
				ASSETCATALOG_COMPILER_APPICON_NAME = AppIcon;
				INFOPLIST_FILE = Diancai/Info.plist;
				LD_RUNPATH_SEARCH_PATHS = "$(inherited) @executable_path/Frameworks";
				PRODUCT_NAME = "$(TARGET_NAME)";
			};
			name = Debug;
		};
		3CC8533119D0596900668F13 /* Release */ = {
			isa = XCBuildConfiguration;
			buildSettings = {
				ASSETCATALOG_COMPILER_APPICON_NAME = AppIcon;
				INFOPLIST_FILE = Diancai/Info.plist;
				LD_RUNPATH_SEARCH_PATHS = "$(inherited) @executable_path/Frameworks";
				PRODUCT_NAME = "$(TARGET_NAME)";
			};
			name = Release;
		};
		3CC8533319D0596900668F13 /* Debug */ = {
			isa = XCBuildConfiguration;
			buildSettings = {
				BUNDLE_LOADER = "$(TEST_HOST)";
				FRAMEWORK_SEARCH_PATHS = (
					"$(SDKROOT)/Developer/Library/Frameworks",
					"$(inherited)",
				);
				GCC_PREPROCESSOR_DEFINITIONS = (
					"DEBUG=1",
					"$(inherited)",
				);
				INFOPLIST_FILE = DiancaiTests/Info.plist;
				LD_RUNPATH_SEARCH_PATHS = "$(inherited) @executable_path/Frameworks @loader_path/Frameworks";
				PRODUCT_NAME = "$(TARGET_NAME)";
				TEST_HOST = "$(BUILT_PRODUCTS_DIR)/Diancai.app/Diancai";
			};
			name = Debug;
		};
		3CC8533419D0596900668F13 /* Release */ = {
			isa = XCBuildConfiguration;
			buildSettings = {
				BUNDLE_LOADER = "$(TEST_HOST)";
				FRAMEWORK_SEARCH_PATHS = (
					"$(SDKROOT)/Developer/Library/Frameworks",
					"$(inherited)",
				);
				INFOPLIST_FILE = DiancaiTests/Info.plist;
				LD_RUNPATH_SEARCH_PATHS = "$(inherited) @executable_path/Frameworks @loader_path/Frameworks";
				PRODUCT_NAME = "$(TARGET_NAME)";
				TEST_HOST = "$(BUILT_PRODUCTS_DIR)/Diancai.app/Diancai";
			};
			name = Release;
		};
/* End XCBuildConfiguration section */

/* Begin XCConfigurationList section */
		3CC8530719D0596800668F13 /* Build configuration list for PBXProject "Diancai" */ = {
			isa = XCConfigurationList;
			buildConfigurations = (
				3CC8532D19D0596900668F13 /* Debug */,
				3CC8532E19D0596900668F13 /* Release */,
			);
			defaultConfigurationIsVisible = 0;
			defaultConfigurationName = Release;
		};
		3CC8532F19D0596900668F13 /* Build configuration list for PBXNativeTarget "Diancai" */ = {
			isa = XCConfigurationList;
			buildConfigurations = (
				3CC8533019D0596900668F13 /* Debug */,
				3CC8533119D0596900668F13 /* Release */,
			);
			defaultConfigurationIsVisible = 0;
			defaultConfigurationName = Release;
		};
		3CC8533219D0596900668F13 /* Build configuration list for PBXNativeTarget "DiancaiTests" */ = {
			isa = XCConfigurationList;
			buildConfigurations = (
				3CC8533319D0596900668F13 /* Debug */,
				3CC8533419D0596900668F13 /* Release */,
			);
			defaultConfigurationIsVisible = 0;
			defaultConfigurationName = Release;
		};
/* End XCConfigurationList section */
	};
	rootObject = 3CC8530419D0596800668F13 /* Project object */;
}
